// !$*UTF8*$!
{
	archiveVersion = 1;
	classes = {
	};
	objectVersion = 77;
	objects = {

/* Begin PBXBuildFile section */
		0091E305A43102A9C4560B57 /* ItineraryStoreCopyTests.swift in Sources */ = {isa = PBXBuildFile; fileRef = 6C77BB1D4DCD8617EBF6B1A1 /* ItineraryStoreCopyTests.swift */; };
		03207FBDC315AA6C03F288F2 /* AuthManager.swift in Sources */ = {isa = PBXBuildFile; fileRef = 3AC5E5BA1C8C9CAD38E67A39 /* AuthManager.swift */; };
		054C17441869C64997C6885B /* PreferencesAPIClient.swift in Sources */ = {isa = PBXBuildFile; fileRef = 9C06A01DC3E9B8281DA78799 /* PreferencesAPIClient.swift */; };
		06D37524466CDF851A6E1C29 /* Transport.swift in Sources */ = {isa = PBXBuildFile; fileRef = 4CAFF47864F08DDDA78B5462 /* Transport.swift */; };
		06F6B31D35F26707113B5349 /* ChatStore.swift in Sources */ = {isa = PBXBuildFile; fileRef = BD78180AC253F81A20465DB4 /* ChatStore.swift */; };
		0B01D5D1D6C9A15C133BA9C9 /* SavedItinerary.swift in Sources */ = {isa = PBXBuildFile; fileRef = F43571D3A08FBEDAD180D1BB /* SavedItinerary.swift */; };
		0D4927E0381F632A56180834 /* AccentColorPersistenceTests.swift in Sources */ = {isa = PBXBuildFile; fileRef = 21BB48CE89EE6222D2A0D5FA /* AccentColorPersistenceTests.swift */; };
		0F49EF390FE6C9E3DF50FDC7 /* Assets.xcassets in Resources */ = {isa = PBXBuildFile; fileRef = 45483963DF5BAECD964E3082 /* Assets.xcassets */; };
		10A60D4211B9476E6E418726 /* ExpenseFormModelTests.swift in Sources */ = {isa = PBXBuildFile; fileRef = 59162E257AA1C57B68BFA460 /* ExpenseFormModelTests.swift */; };
		10D10C3D66DA98B659A7C858 /* WiFi.swift in Sources */ = {isa = PBXBuildFile; fileRef = 947C99303624C59EC7014BC3 /* WiFi.swift */; };
		125F3F58EC00B3DE939DF6E2 /* CarPlayManager.swift in Sources */ = {isa = PBXBuildFile; fileRef = E2418ED4F523E4289DCF7E98 /* CarPlayManager.swift */; };
		1269CF78049ADCB00F5E32AF /* CopyItinerarySheet.swift in Sources */ = {isa = PBXBuildFile; fileRef = 08C22D18715DAE2244022C97 /* CopyItinerarySheet.swift */; };
		16B6BD94B9D3B6924BE17136 /* PoiPhoto.swift in Sources */ = {isa = PBXBuildFile; fileRef = 27FAF168BD038654253454A3 /* PoiPhoto.swift */; };
		16D69EA25B9616588DFF7A0A /* OfflineMapRegion.swift in Sources */ = {isa = PBXBuildFile; fileRef = 611D4858FF84DECD71D7FC34 /* OfflineMapRegion.swift */; };
		1F503556330575BA54804E17 /* ViewItineraryIntent.swift in Sources */ = {isa = PBXBuildFile; fileRef = 6168A5A01C5308FEFB3DC22B /* ViewItineraryIntent.swift */; };
		1FF6A28B578B9EE469362A37 /* ItineraryAnalysis.swift in Sources */ = {isa = PBXBuildFile; fileRef = BF8ECF98FF9859CBFB990B9E /* ItineraryAnalysis.swift */; };
		2093E2AA2641EC6999A78046 /* AuthManagerRequestTests.swift in Sources */ = {isa = PBXBuildFile; fileRef = 1659CAA114BDDDB72101E180 /* AuthManagerRequestTests.swift */; };
		21F465B7E523B08C68B2CAC7 /* ItineraryAPIClient.swift in Sources */ = {isa = PBXBuildFile; fileRef = B002AA12B0ACE302AB6CD0E3 /* ItineraryAPIClient.swift */; };
		229C6B8A3EB4A822BBE24821 /* FlowLayout.swift in Sources */ = {isa = PBXBuildFile; fileRef = A92B19D0CC35AA33798026C3 /* FlowLayout.swift */; };
		24C8C25982B6F2FACA4DB219 /* SiriShortcutsManager.swift in Sources */ = {isa = PBXBuildFile; fileRef = 67CE17DCB89F9C96E3D36D82 /* SiriShortcutsManager.swift */; };
		2897625ED2D43E3E36770AB9 /* PreferenceSelectionTests.swift in Sources */ = {isa = PBXBuildFile; fileRef = 81312F5931096AA3DA90A07C /* PreferenceSelectionTests.swift */; };
		29837069CE6C02A3915E964D /* Footprint.swift in Sources */ = {isa = PBXBuildFile; fileRef = 39EEA902BD4E646F405ED736 /* Footprint.swift */; };
		29A30ECAC621FDAD0A81BCC4 /* OfflineMapDownloadTask.swift in Sources */ = {isa = PBXBuildFile; fileRef = 33B3A66B7530CAFCF7F4709C /* OfflineMapDownloadTask.swift */; };
		3055740198398949BA21249C /* LoginView.swift in Sources */ = {isa = PBXBuildFile; fileRef = B1A914B625B3AE70C54D8E21 /* LoginView.swift */; };
		32899EE1A22CF1B3DAC4941C /* AboutSheet.swift in Sources */ = {isa = PBXBuildFile; fileRef = 9BDD22FB627F70A49153A40C /* AboutSheet.swift */; };
		33B39CA42A3F37F33254E162 /* ProfileView.swift in Sources */ = {isa = PBXBuildFile; fileRef = 1155EC587C26AD4399113BBA /* ProfileView.swift */; };
		35D3C5A0DE5C01752CA97D38 /* VoiceCommandParser.swift in Sources */ = {isa = PBXBuildFile; fileRef = 25D395D2C3920ED073C23AC2 /* VoiceCommandParser.swift */; };
		37F44C6BAF3C43293045DB1F /* VisualEffects.swift in Sources */ = {isa = PBXBuildFile; fileRef = 8EAD231DEED8EEC7BD672564 /* VisualEffects.swift */; };
		38610C8194871525123CE555 /* PathfindingApp.swift in Sources */ = {isa = PBXBuildFile; fileRef = F473F942F97F461ADCC99AEF /* PathfindingApp.swift */; };
		38F3E8A19647736C8932B9EC /* CacheSettingsView.swift in Sources */ = {isa = PBXBuildFile; fileRef = ECD7F9D0193A792181F97F8C /* CacheSettingsView.swift */; };
		3A362515E77FDF5BCD89C5E8 /* ProfileStatsSection.swift in Sources */ = {isa = PBXBuildFile; fileRef = C33BAEDCDB9684FA080C6999 /* ProfileStatsSection.swift */; };
		3D1376BCB3478C1D8B2397B8 /* OfflineMapListView.swift in Sources */ = {isa = PBXBuildFile; fileRef = 9F2EDBD0AF2D1A4E15DC95B7 /* OfflineMapListView.swift */; };
		3EFBD43296D7DC1EF547F71F /* AIPlan.swift in Sources */ = {isa = PBXBuildFile; fileRef = 7E1881045D7F837879999BFE /* AIPlan.swift */; };
		3FDC37F9452D153C6C569401 /* ItineraryStore.swift in Sources */ = {isa = PBXBuildFile; fileRef = FDDD0352CE972C041C193895 /* ItineraryStore.swift */; };
		412DAD7121A24F9C0E2661C8 /* AIPlannerSheet.swift in Sources */ = {isa = PBXBuildFile; fileRef = 842C58C52600AA7AE1475938 /* AIPlannerSheet.swift */; };
		42D7A5E3FCEB6C6E2A89BEA0 /* StatsStore.swift in Sources */ = {isa = PBXBuildFile; fileRef = 5E550E04A689AF16F423F95C /* StatsStore.swift */; };
		460BC2BFB48347CEF596094F /* SiriNavigationModifier.swift in Sources */ = {isa = PBXBuildFile; fileRef = 1967DE9D51D101A74743133C /* SiriNavigationModifier.swift */; };
		4B5CFB48FD40534D21C1ACE9 /* Localizable.strings in Resources */ = {isa = PBXBuildFile; fileRef = 76E58580224B97C6B59FEFE6 /* Localizable.strings */; };
		4E4FD8221CC0F2B6A73B1D75 /* SiriShortcutsSettingsView.swift in Sources */ = {isa = PBXBuildFile; fileRef = 97EB2089F5F7061C84D20DF4 /* SiriShortcutsSettingsView.swift */; };
		50F5BE17C918E2D75E09A2B2 /* ChatModelDecodingTests.swift in Sources */ = {isa = PBXBuildFile; fileRef = 0CC4A210476299CDED1AE553 /* ChatModelDecodingTests.swift */; };
		536BDCAFDDFA6368A263974D /* CommentSectionView.swift in Sources */ = {isa = PBXBuildFile; fileRef = 3D2C741A2EABAB0360749520 /* CommentSectionView.swift */; };
		53F7D531C11BA37EF79A85B9 /* WatchData.swift in Sources */ = {isa = PBXBuildFile; fileRef = ED69B8F2CC3E08525EB73224 /* WatchData.swift */; };
		542E3A9A66D56C78FDB2D549 /* CarPlayVoiceCommandHandler.swift in Sources */ = {isa = PBXBuildFile; fileRef = 53FB3A141ED6A91078CE1579 /* CarPlayVoiceCommandHandler.swift */; };
		550C122999E2B1C5660990C8 /* TipsCard.swift in Sources */ = {isa = PBXBuildFile; fileRef = ACACAAE6FEA74D27B6C4364F /* TipsCard.swift */; };
		5736AA41900755D0B1647BD6 /* AppConfig.swift in Sources */ = {isa = PBXBuildFile; fileRef = D07D06AEEC92366CD1FCD629 /* AppConfig.swift */; };
		57DBF54E6DD5FC533DB54F7C /* ItineraryDetailDestinationsTests.swift in Sources */ = {isa = PBXBuildFile; fileRef = E0A7B59E95DA141FDAC0291B /* ItineraryDetailDestinationsTests.swift */; };
		585CC0D41049F300745205E4 /* CloudKitSyncManager.swift in Sources */ = {isa = PBXBuildFile; fileRef = 8C4449D1637D48D3E4E20C18 /* CloudKitSyncManager.swift */; };
		5AA15CC87D3FF7AF96B75502 /* AddExpenseView.swift in Sources */ = {isa = PBXBuildFile; fileRef = E041688DCCA52199B6B74195 /* AddExpenseView.swift */; };
		5B0D8A0030B60C6BB6568134 /* LocalizationManager.swift in Sources */ = {isa = PBXBuildFile; fileRef = 3ADD63621DF9E3465C8277FF /* LocalizationManager.swift */; };
		5CEF028C9D48612C23F80B3B /* ItineraryAnalysisView.swift in Sources */ = {isa = PBXBuildFile; fileRef = 8D12B553F3E78BD95E3CEDAD /* ItineraryAnalysisView.swift */; };
		5E2ECEC0214C66B95A0484F2 /* SignupView.swift in Sources */ = {isa = PBXBuildFile; fileRef = 5371E3005626A5BBA18C9F9E /* SignupView.swift */; };
		5E8B83A21046D96829003E64 /* EditBudgetView.swift in Sources */ = {isa = PBXBuildFile; fileRef = 2A8496B5EDC0C69D2B38A064 /* EditBudgetView.swift */; };
		675EFD15236A4A57C6CDF829 /* ShareImageGenerator.swift in Sources */ = {isa = PBXBuildFile; fileRef = 01A0D1598E22F1E1B3257002 /* ShareImageGenerator.swift */; };
		6B56966F14CECA0527ED1888 /* PreferencesView.swift in Sources */ = {isa = PBXBuildFile; fileRef = E4B9013C3927FD9562F7D2E3 /* PreferencesView.swift */; };
		6DEBB0BBEFEE556B8C8CFBF6 /* Budget.swift in Sources */ = {isa = PBXBuildFile; fileRef = 14370BBB878C7C34052B0F71 /* Budget.swift */; };
		6E8FA74E96859D1799B437B6 /* BudgetStore.swift in Sources */ = {isa = PBXBuildFile; fileRef = E2696A5A8C0E1CD9D9656B37 /* BudgetStore.swift */; };
		6EB298DB7A0743E1D64EB5CE /* APIError.swift in Sources */ = {isa = PBXBuildFile; fileRef = CAFD1CBCD00AD463A8DB4C4B /* APIError.swift */; };
		6F9C83277419D11C82278309 /* AIPlannerAPIClient.swift in Sources */ = {isa = PBXBuildFile; fileRef = 93578B1D8A168A3DD05F28EA /* AIPlannerAPIClient.swift */; };
		7098E7F51C5AF6BAC6FF195F /* PathfindingShortcuts.swift in Sources */ = {isa = PBXBuildFile; fileRef = E8846F057B4A3D82D939684E /* PathfindingShortcuts.swift */; };
		71BF5CBD294A01C9FA2C53F5 /* EmailLoginFlowUITests.swift in Sources */ = {isa = PBXBuildFile; fileRef = B3714BC33E60C76CAC38F263 /* EmailLoginFlowUITests.swift */; };
		737D8AB41A1322219471E49A /* Luggage.swift in Sources */ = {isa = PBXBuildFile; fileRef = 4C0C6A79C5A3629372E99938 /* Luggage.swift */; };
		7AFCA35B4D061936096A444B /* UserPreferences.swift in Sources */ = {isa = PBXBuildFile; fileRef = 7DFC4CED1545F4DF705F4143 /* UserPreferences.swift */; };
		7B2C30583293FF439C0482F1 /* VoiceInputView.swift in Sources */ = {isa = PBXBuildFile; fileRef = AA8CAC7D750919F940F66160 /* VoiceInputView.swift */; };
		7BDB45A2FDEB797CA16F3FEE /* ChatView.swift in Sources */ = {isa = PBXBuildFile; fileRef = CDB6C69978B4EE9C43BF70E9 /* ChatView.swift */; };
		7D752941ACA629DFB9EBA4D6 /* CopyableSourceTests.swift in Sources */ = {isa = PBXBuildFile; fileRef = 99ABE2634CF32E6F2522436D /* CopyableSourceTests.swift */; };
		7E52564C035441D32FB49C14 /* ExpenseListView.swift in Sources */ = {isa = PBXBuildFile; fileRef = B508B564C0B70C1341B1267D /* ExpenseListView.swift */; };
		805B00DD48BB61CF077C28C4 /* SharedWidgetModels.swift in Sources */ = {isa = PBXBuildFile; fileRef = EABBEE9417163337D138B717 /* SharedWidgetModels.swift */; };
		82E50E099D22DE9A6A12CFE5 /* ThemeSettingsSheet.swift in Sources */ = {isa = PBXBuildFile; fileRef = 850E93AC87A32B8A0275B699 /* ThemeSettingsSheet.swift */; };
		8436BBA8B4F950D45CBC7AEC /* ShareCardView.swift in Sources */ = {isa = PBXBuildFile; fileRef = 909B8549E6B8AD2AD37BC7C0 /* ShareCardView.swift */; };
		845FE1923863B65F87839946 /* WatchConnectivityManager.swift in Sources */ = {isa = PBXBuildFile; fileRef = 40EC7B49A886134F3823C811 /* WatchConnectivityManager.swift */; };
		86490BF86D4ED61BC0D5CFD2 /* Itinerary.swift in Sources */ = {isa = PBXBuildFile; fileRef = 9BCD6E098FBFC8F2FA0BE8AD /* Itinerary.swift */; };
		883D57E21B447D0F6CBABDA1 /* PoiEditView.swift in Sources */ = {isa = PBXBuildFile; fileRef = 0F9C4D9885656593374D8FE7 /* PoiEditView.swift */; };
		8A1FF1648D445B54CE852D14 /* ScreenshotTests.swift in Sources */ = {isa = PBXBuildFile; fileRef = 05E5CDDDEBC53537F67BC826 /* ScreenshotTests.swift */; };
		8C0CA3722560758A7B9E6535 /* CachedAsyncImage.swift in Sources */ = {isa = PBXBuildFile; fileRef = 150DD530C2F4383B398260A8 /* CachedAsyncImage.swift */; };
		8CA988FFB860EF9BF2BCCB7B /* CarPlaySceneDelegate.swift in Sources */ = {isa = PBXBuildFile; fileRef = F67D8AD3CC8EC1D4E50CE8EF /* CarPlaySceneDelegate.swift */; };
		8D28F643DDFB3D3B472FF9AE /* ShareSheet.swift in Sources */ = {isa = PBXBuildFile; fileRef = 2F6F65B1DE4CA63C7A152FEE /* ShareSheet.swift */; };
		8E62E7F835EB752FC124DA35 /* ItineraryDayCard.swift in Sources */ = {isa = PBXBuildFile; fileRef = C6B8DF9D38A5B9E78B1A00AC /* ItineraryDayCard.swift */; };
		90FE33ECD9BBA14207366887 /* VoiceItineraryView.swift in Sources */ = {isa = PBXBuildFile; fileRef = 3CBEB115FD70B41070F36552 /* VoiceItineraryView.swift */; };
		92D15CE5991564EAEF2ABF71 /* SpeechRecognitionManager.swift in Sources */ = {isa = PBXBuildFile; fileRef = A970D66F8A6E2B283B78D512 /* SpeechRecognitionManager.swift */; };
		969B2940E49322965DDCF017 /* ProfileSettingsRows.swift in Sources */ = {isa = PBXBuildFile; fileRef = 38B95C172DE64B3FB017DD5A /* ProfileSettingsRows.swift */; };
		994FB41FDD53F62AB8225B88 /* Ticket.swift in Sources */ = {isa = PBXBuildFile; fileRef = C8DA87EC3936B6065F201DF1 /* Ticket.swift */; };
		9A042CFA39774EA61384518A /* ItineraryListView.swift in Sources */ = {isa = PBXBuildFile; fileRef = C80C869DF30828354D994AE2 /* ItineraryListView.swift */; };
		9BA614F03FC86C9B07872661 /* CloudSyncSettingsSheet.swift in Sources */ = {isa = PBXBuildFile; fileRef = 7DB512C2350BFD092FE20F0A /* CloudSyncSettingsSheet.swift */; };
		9BCE077583ECBCC144F6BE05 /* SearchPOIIntent.swift in Sources */ = {isa = PBXBuildFile; fileRef = 16236A02F25138A7D94952FD /* SearchPOIIntent.swift */; };
		9E49061537207E58BC3B127C /* Date+RelativeTime.swift in Sources */ = {isa = PBXBuildFile; fileRef = 4A26A27AD966905608C9A4A7 /* Date+RelativeTime.swift */; };
		9FA77F3DF622AC6C70017221 /* WidgetDataManager.swift in Sources */ = {isa = PBXBuildFile; fileRef = EEBACDC30BBAD899C2125CA6 /* WidgetDataManager.swift */; };
		A06CF8B124FF5365EF38F9DC /* ViewTodayItineraryIntent.swift in Sources */ = {isa = PBXBuildFile; fileRef = 40D81840A5C5DF12CC4530D5 /* ViewTodayItineraryIntent.swift */; };
		A17F266D5F6FCB9916DB71AF /* OfflineMapManager.swift in Sources */ = {isa = PBXBuildFile; fileRef = 6073039DEE13E7DE0F346FC3 /* OfflineMapManager.swift */; };
		A251B46EE817775E5E7964AC /* Flight.swift in Sources */ = {isa = PBXBuildFile; fileRef = 92F86A424489D5ED171ADB1A /* Flight.swift */; };
		A3B5BA26D2A884C8C2D816B3 /* FootprintStore.swift in Sources */ = {isa = PBXBuildFile; fileRef = 0587DE650547388197EBB66D /* FootprintStore.swift */; };
		A4F2A0E31948B811F1D25CAC /* NetworkClient.swift in Sources */ = {isa = PBXBuildFile; fileRef = 1D0315AA3855E5B9DCC03F56 /* NetworkClient.swift */; };
		A6B521BED74787BC4E08BA4E /* MemoryManager.swift in Sources */ = {isa = PBXBuildFile; fileRef = 6FB0AC2078F86980EE30C725 /* MemoryManager.swift */; };
		AB8D1B70A0E9CB0A8D7D4AAA /* HotelBooking.swift in Sources */ = {isa = PBXBuildFile; fileRef = 6504F6B2CCC744A43EBE7ED6 /* HotelBooking.swift */; };
		ACF80467617E6570777A3DCB /* ContentView.swift in Sources */ = {isa = PBXBuildFile; fileRef = 7DC0E5D5CF44CA5A88716D7C /* ContentView.swift */; };
		B0FC362885A6ABFCEFF165FA /* StatsView.swift in Sources */ = {isa = PBXBuildFile; fileRef = 611F45696040CC4865B5AEEA /* StatsView.swift */; };
		B25BA6FFF6456A481498CEDA /* SimCard.swift in Sources */ = {isa = PBXBuildFile; fileRef = 78F4D3AB38152BC902762E8C /* SimCard.swift */; };
		B87E6F32079FA942D939E45D /* LiveActivityAttributes.swift in Sources */ = {isa = PBXBuildFile; fileRef = 64E7334EC4C2E798E1CD3A86 /* LiveActivityAttributes.swift */; };
		BB2278A6A7318A92691BFD14 /* WatchSessionManager.swift in Sources */ = {isa = PBXBuildFile; fileRef = 16BDAEF9C57B53527B8EFDFB /* WatchSessionManager.swift */; };
		BB2C9429AA11707EC057FBE7 /* OptimizedMapView.swift in Sources */ = {isa = PBXBuildFile; fileRef = 3FC38137996F361BD88E60A1 /* OptimizedMapView.swift */; };
		BE13CF092EF8CFAC7A07A084 /* PoiSearchDebounceTests.swift in Sources */ = {isa = PBXBuildFile; fileRef = 19F4F46F2E1A8FBBE957E6DE /* PoiSearchDebounceTests.swift */; };
		C11882A674294FC265D878D6 /* NavigateToNextPOIIntent.swift in Sources */ = {isa = PBXBuildFile; fileRef = B963540201B19ADC9E6E02E8 /* NavigateToNextPOIIntent.swift */; };
		C37857468DDBB754730D78EB /* APISettingsSheet.swift in Sources */ = {isa = PBXBuildFile; fileRef = CB460C63746A04425DBCD157 /* APISettingsSheet.swift */; };
		C3C6399CE7C70EB7F80AA83B /* Chat.swift in Sources */ = {isa = PBXBuildFile; fileRef = 46336CB54DE863E8AAD78738 /* Chat.swift */; };
		C449E3FD623142FB34ACB54C /* LocalEvent.swift in Sources */ = {isa = PBXBuildFile; fileRef = 2F7187A6A87BB6F867B1480D /* LocalEvent.swift */; };
		C93FF5A6EBF9999A0026776A /* BudgetOverviewView.swift in Sources */ = {isa = PBXBuildFile; fileRef = 7E327F8D07FA635D7CA2FF98 /* BudgetOverviewView.swift */; };
		CD9E10F06A6922A6FDF86082 /* AnalysisStore.swift in Sources */ = {isa = PBXBuildFile; fileRef = 69F3F99C67C430BA89D1352A /* AnalysisStore.swift */; };
		D112A5D8E71D972253B8B56D /* ItineraryDetailView.swift in Sources */ = {isa = PBXBuildFile; fileRef = 1E5E9D3436DA3A7E5194ED8F /* ItineraryDetailView.swift */; };
		D572CB192C871C33BB6AEA20 /* MapHeader.swift in Sources */ = {isa = PBXBuildFile; fileRef = 78C6DF1A172EC3ED5A2F2B4B /* MapHeader.swift */; };
		D8EDC82A450AC88B85F3730D /* PreferenceStore.swift in Sources */ = {isa = PBXBuildFile; fileRef = 2925416C690ACFFBE6C326C5 /* PreferenceStore.swift */; };
		DACD2A8CFE50434EF184D313 /* OfflineTileOverlay.swift in Sources */ = {isa = PBXBuildFile; fileRef = 420C2AFA83EF512A8AB9DBEB /* OfflineTileOverlay.swift */; };
		DADFF11D26DCD1475DA13C0F /* LanguageSettingsSheet.swift in Sources */ = {isa = PBXBuildFile; fileRef = 325070C7F0CB03F177310A25 /* LanguageSettingsSheet.swift */; };
		DB16B898A00162C29BCCA098 /* Share.swift in Sources */ = {isa = PBXBuildFile; fileRef = D1A34F59C6A0F5395146D718 /* Share.swift */; };
		DC5E59C7BC839DC0EDAC1B7C /* DayEditSheet.swift in Sources */ = {isa = PBXBuildFile; fileRef = 4F4C6BC4310458B339ADA612 /* DayEditSheet.swift */; };
		DD6488A271910ABDE48DA72A /* BlogPost.swift in Sources */ = {isa = PBXBuildFile; fileRef = FEADDF8D8F827D98224C5319 /* BlogPost.swift */; };
		E8CE944BDEE799DD2C7348F4 /* DesignSystem.swift in Sources */ = {isa = PBXBuildFile; fileRef = 4F941316940938FD8267380E /* DesignSystem.swift */; };
		E90E5D1BC09DF7D09A8027B0 /* ShareManager.swift in Sources */ = {isa = PBXBuildFile; fileRef = FB193932DBE94AE6E7443111 /* ShareManager.swift */; };
		E9B012730C2C1AFCB1A513AD /* OfflineMapStorage.swift in Sources */ = {isa = PBXBuildFile; fileRef = 413E7634A4B94D700F415B0F /* OfflineMapStorage.swift */; };
		ED2AD07792296C1FFF6C2154 /* VoiceMemoManager.swift in Sources */ = {isa = PBXBuildFile; fileRef = 65D374B1656FDC5E9C75AC05 /* VoiceMemoManager.swift */; };
		EE4044789A7CCA17BE0361FB /* Weather.swift in Sources */ = {isa = PBXBuildFile; fileRef = 73F695BA2AD9B30F2BC01F4D /* Weather.swift */; };
		EE6F04AEF904613AC56C9C7B /* OfflineMapDownloadView.swift in Sources */ = {isa = PBXBuildFile; fileRef = ECE31672026872068D0A1B0F /* OfflineMapDownloadView.swift */; };
		F090EACFC8414DDB1FF6F1C4 /* NetworkClient+Generic.swift in Sources */ = {isa = PBXBuildFile; fileRef = 032B3EAC1B9257E7B83335B4 /* NetworkClient+Generic.swift */; };
		F9D9350B82FF8DBFFCC1BEA1 /* TimelineSection.swift in Sources */ = {isa = PBXBuildFile; fileRef = 0CCA70C322E27307AFF6393C /* TimelineSection.swift */; };
		FB1E788982E9CBACF5995B2A /* ItineraryVersion.swift in Sources */ = {isa = PBXBuildFile; fileRef = 4E73984DCF85687DF154AAF4 /* ItineraryVersion.swift */; };
		FB41870E71A17738C7593518 /* ThemeManager.swift in Sources */ = {isa = PBXBuildFile; fileRef = B9A19A6859829FD35BAB6FE1 /* ThemeManager.swift */; };
		FB7CA115A472EFEB4AE5F400 /* TravelStats.swift in Sources */ = {isa = PBXBuildFile; fileRef = F03DF411C22C17F30010656D /* TravelStats.swift */; };
/* End PBXBuildFile section */

/* Begin PBXContainerItemProxy section */
		218D5323C1AC3FBB8FAA192C /* PBXContainerItemProxy */ = {
			isa = PBXContainerItemProxy;
			containerPortal = AF87F1ACA3F795ED61537E7A /* Project object */;
			proxyType = 1;
			remoteGlobalIDString = 13225BBD51391F257A6548A1;
			remoteInfo = Pathfinding;
		};
		6C1CF3F38028E82E65F4AFB6 /* PBXContainerItemProxy */ = {
			isa = PBXContainerItemProxy;
			containerPortal = AF87F1ACA3F795ED61537E7A /* Project object */;
			proxyType = 1;
			remoteGlobalIDString = 13225BBD51391F257A6548A1;
			remoteInfo = Pathfinding;
		};
/* End PBXContainerItemProxy section */

/* Begin PBXFileReference section */
		01A0D1598E22F1E1B3257002 /* ShareImageGenerator.swift */ = {isa = PBXFileReference; lastKnownFileType = sourcecode.swift; path = ShareImageGenerator.swift; sourceTree = "<group>"; };
		032B3EAC1B9257E7B83335B4 /* NetworkClient+Generic.swift */ = {isa = PBXFileReference; lastKnownFileType = sourcecode.swift; path = "NetworkClient+Generic.swift"; sourceTree = "<group>"; };
		0587DE650547388197EBB66D /* FootprintStore.swift */ = {isa = PBXFileReference; lastKnownFileType = sourcecode.swift; path = FootprintStore.swift; sourceTree = "<group>"; };
		05E5CDDDEBC53537F67BC826 /* ScreenshotTests.swift */ = {isa = PBXFileReference; lastKnownFileType = sourcecode.swift; path = ScreenshotTests.swift; sourceTree = "<group>"; };
		08C22D18715DAE2244022C97 /* CopyItinerarySheet.swift */ = {isa = PBXFileReference; lastKnownFileType = sourcecode.swift; path = CopyItinerarySheet.swift; sourceTree = "<group>"; };
		0CC4A210476299CDED1AE553 /* ChatModelDecodingTests.swift */ = {isa = PBXFileReference; lastKnownFileType = sourcecode.swift; path = ChatModelDecodingTests.swift; sourceTree = "<group>"; };
		0CCA70C322E27307AFF6393C /* TimelineSection.swift */ = {isa = PBXFileReference; lastKnownFileType = sourcecode.swift; path = TimelineSection.swift; sourceTree = "<group>"; };
		0F9C4D9885656593374D8FE7 /* PoiEditView.swift */ = {isa = PBXFileReference; lastKnownFileType = sourcecode.swift; path = PoiEditView.swift; sourceTree = "<group>"; };
		0FC3544E0004E07D487EE3BD /* PathfindingTests.xctest */ = {isa = PBXFileReference; includeInIndex = 0; lastKnownFileType = wrapper.cfbundle; path = PathfindingTests.xctest; sourceTree = BUILT_PRODUCTS_DIR; };
		1155EC587C26AD4399113BBA /* ProfileView.swift */ = {isa = PBXFileReference; lastKnownFileType = sourcecode.swift; path = ProfileView.swift; sourceTree = "<group>"; };
		14370BBB878C7C34052B0F71 /* Budget.swift */ = {isa = PBXFileReference; lastKnownFileType = sourcecode.swift; path = Budget.swift; sourceTree = "<group>"; };
		150DD530C2F4383B398260A8 /* CachedAsyncImage.swift */ = {isa = PBXFileReference; lastKnownFileType = sourcecode.swift; path = CachedAsyncImage.swift; sourceTree = "<group>"; };
		16236A02F25138A7D94952FD /* SearchPOIIntent.swift */ = {isa = PBXFileReference; lastKnownFileType = sourcecode.swift; path = SearchPOIIntent.swift; sourceTree = "<group>"; };
		1659CAA114BDDDB72101E180 /* AuthManagerRequestTests.swift */ = {isa = PBXFileReference; lastKnownFileType = sourcecode.swift; path = AuthManagerRequestTests.swift; sourceTree = "<group>"; };
		16BDAEF9C57B53527B8EFDFB /* WatchSessionManager.swift */ = {isa = PBXFileReference; lastKnownFileType = sourcecode.swift; path = WatchSessionManager.swift; sourceTree = "<group>"; };
		1967DE9D51D101A74743133C /* SiriNavigationModifier.swift */ = {isa = PBXFileReference; lastKnownFileType = sourcecode.swift; path = SiriNavigationModifier.swift; sourceTree = "<group>"; };
		19F4F46F2E1A8FBBE957E6DE /* PoiSearchDebounceTests.swift */ = {isa = PBXFileReference; lastKnownFileType = sourcecode.swift; path = PoiSearchDebounceTests.swift; sourceTree = "<group>"; };
		1D0315AA3855E5B9DCC03F56 /* NetworkClient.swift */ = {isa = PBXFileReference; lastKnownFileType = sourcecode.swift; path = NetworkClient.swift; sourceTree = "<group>"; };
		1E5E9D3436DA3A7E5194ED8F /* ItineraryDetailView.swift */ = {isa = PBXFileReference; lastKnownFileType = sourcecode.swift; path = ItineraryDetailView.swift; sourceTree = "<group>"; };
		21BB48CE89EE6222D2A0D5FA /* AccentColorPersistenceTests.swift */ = {isa = PBXFileReference; lastKnownFileType = sourcecode.swift; path = AccentColorPersistenceTests.swift; sourceTree = "<group>"; };
		239CCBBB27B2B3BE204BDA74 /* Info.plist */ = {isa = PBXFileReference; lastKnownFileType = text.plist; path = Info.plist; sourceTree = "<group>"; };
		25D395D2C3920ED073C23AC2 /* VoiceCommandParser.swift */ = {isa = PBXFileReference; lastKnownFileType = sourcecode.swift; path = VoiceCommandParser.swift; sourceTree = "<group>"; };
		27FAF168BD038654253454A3 /* PoiPhoto.swift */ = {isa = PBXFileReference; lastKnownFileType = sourcecode.swift; path = PoiPhoto.swift; sourceTree = "<group>"; };
		2925416C690ACFFBE6C326C5 /* PreferenceStore.swift */ = {isa = PBXFileReference; lastKnownFileType = sourcecode.swift; path = PreferenceStore.swift; sourceTree = "<group>"; };
		2A8496B5EDC0C69D2B38A064 /* EditBudgetView.swift */ = {isa = PBXFileReference; lastKnownFileType = sourcecode.swift; path = EditBudgetView.swift; sourceTree = "<group>"; };
		2F6F65B1DE4CA63C7A152FEE /* ShareSheet.swift */ = {isa = PBXFileReference; lastKnownFileType = sourcecode.swift; path = ShareSheet.swift; sourceTree = "<group>"; };
		2F7187A6A87BB6F867B1480D /* LocalEvent.swift */ = {isa = PBXFileReference; lastKnownFileType = sourcecode.swift; path = LocalEvent.swift; sourceTree = "<group>"; };
		325070C7F0CB03F177310A25 /* LanguageSettingsSheet.swift */ = {isa = PBXFileReference; lastKnownFileType = sourcecode.swift; path = LanguageSettingsSheet.swift; sourceTree = "<group>"; };
		33B3A66B7530CAFCF7F4709C /* OfflineMapDownloadTask.swift */ = {isa = PBXFileReference; lastKnownFileType = sourcecode.swift; path = OfflineMapDownloadTask.swift; sourceTree = "<group>"; };
		38B95C172DE64B3FB017DD5A /* ProfileSettingsRows.swift */ = {isa = PBXFileReference; lastKnownFileType = sourcecode.swift; path = ProfileSettingsRows.swift; sourceTree = "<group>"; };
		39EEA902BD4E646F405ED736 /* Footprint.swift */ = {isa = PBXFileReference; lastKnownFileType = sourcecode.swift; path = Footprint.swift; sourceTree = "<group>"; };
		3AC5E5BA1C8C9CAD38E67A39 /* AuthManager.swift */ = {isa = PBXFileReference; lastKnownFileType = sourcecode.swift; path = AuthManager.swift; sourceTree = "<group>"; };
		3ADD63621DF9E3465C8277FF /* LocalizationManager.swift */ = {isa = PBXFileReference; lastKnownFileType = sourcecode.swift; path = LocalizationManager.swift; sourceTree = "<group>"; };
		3CBEB115FD70B41070F36552 /* VoiceItineraryView.swift */ = {isa = PBXFileReference; lastKnownFileType = sourcecode.swift; path = VoiceItineraryView.swift; sourceTree = "<group>"; };
		3FC38137996F361BD88E60A1 /* OptimizedMapView.swift */ = {isa = PBXFileReference; lastKnownFileType = sourcecode.swift; path = OptimizedMapView.swift; sourceTree = "<group>"; };
		40D81840A5C5DF12CC4530D5 /* ViewTodayItineraryIntent.swift */ = {isa = PBXFileReference; lastKnownFileType = sourcecode.swift; path = ViewTodayItineraryIntent.swift; sourceTree = "<group>"; };
		40EC7B49A886134F3823C811 /* WatchConnectivityManager.swift */ = {isa = PBXFileReference; lastKnownFileType = sourcecode.swift; path = WatchConnectivityManager.swift; sourceTree = "<group>"; };
		413E7634A4B94D700F415B0F /* OfflineMapStorage.swift */ = {isa = PBXFileReference; lastKnownFileType = sourcecode.swift; path = OfflineMapStorage.swift; sourceTree = "<group>"; };
		420C2AFA83EF512A8AB9DBEB /* OfflineTileOverlay.swift */ = {isa = PBXFileReference; lastKnownFileType = sourcecode.swift; path = OfflineTileOverlay.swift; sourceTree = "<group>"; };
		441D56FC9496D99B1D26A9E9 /* PathfindingUITests.xctest */ = {isa = PBXFileReference; includeInIndex = 0; lastKnownFileType = wrapper.cfbundle; path = PathfindingUITests.xctest; sourceTree = BUILT_PRODUCTS_DIR; };
		45483963DF5BAECD964E3082 /* Assets.xcassets */ = {isa = PBXFileReference; lastKnownFileType = folder.assetcatalog; path = Assets.xcassets; sourceTree = "<group>"; };
		46336CB54DE863E8AAD78738 /* Chat.swift */ = {isa = PBXFileReference; lastKnownFileType = sourcecode.swift; path = Chat.swift; sourceTree = "<group>"; };
		4A26A27AD966905608C9A4A7 /* Date+RelativeTime.swift */ = {isa = PBXFileReference; lastKnownFileType = sourcecode.swift; path = "Date+RelativeTime.swift"; sourceTree = "<group>"; };
		4C0C6A79C5A3629372E99938 /* Luggage.swift */ = {isa = PBXFileReference; lastKnownFileType = sourcecode.swift; path = Luggage.swift; sourceTree = "<group>"; };
		4CAFF47864F08DDDA78B5462 /* Transport.swift */ = {isa = PBXFileReference; lastKnownFileType = sourcecode.swift; path = Transport.swift; sourceTree = "<group>"; };
		4E73984DCF85687DF154AAF4 /* ItineraryVersion.swift */ = {isa = PBXFileReference; lastKnownFileType = sourcecode.swift; path = ItineraryVersion.swift; sourceTree = "<group>"; };
		4F4C6BC4310458B339ADA612 /* DayEditSheet.swift */ = {isa = PBXFileReference; lastKnownFileType = sourcecode.swift; path = DayEditSheet.swift; sourceTree = "<group>"; };
		4F941316940938FD8267380E /* DesignSystem.swift */ = {isa = PBXFileReference; lastKnownFileType = sourcecode.swift; path = DesignSystem.swift; sourceTree = "<group>"; };
		52A15E5BA19C99B64DB9214B /* en */ = {isa = PBXFileReference; lastKnownFileType = text.plist.strings; name = en; path = en.lproj/Localizable.strings; sourceTree = "<group>"; };
		5371E3005626A5BBA18C9F9E /* SignupView.swift */ = {isa = PBXFileReference; lastKnownFileType = sourcecode.swift; path = SignupView.swift; sourceTree = "<group>"; };
		53FB3A141ED6A91078CE1579 /* CarPlayVoiceCommandHandler.swift */ = {isa = PBXFileReference; lastKnownFileType = sourcecode.swift; path = CarPlayVoiceCommandHandler.swift; sourceTree = "<group>"; };
		59162E257AA1C57B68BFA460 /* ExpenseFormModelTests.swift */ = {isa = PBXFileReference; lastKnownFileType = sourcecode.swift; path = ExpenseFormModelTests.swift; sourceTree = "<group>"; };
		5E550E04A689AF16F423F95C /* StatsStore.swift */ = {isa = PBXFileReference; lastKnownFileType = sourcecode.swift; path = StatsStore.swift; sourceTree = "<group>"; };
		6073039DEE13E7DE0F346FC3 /* OfflineMapManager.swift */ = {isa = PBXFileReference; lastKnownFileType = sourcecode.swift; path = OfflineMapManager.swift; sourceTree = "<group>"; };
		611D4858FF84DECD71D7FC34 /* OfflineMapRegion.swift */ = {isa = PBXFileReference; lastKnownFileType = sourcecode.swift; path = OfflineMapRegion.swift; sourceTree = "<group>"; };
		611F45696040CC4865B5AEEA /* StatsView.swift */ = {isa = PBXFileReference; lastKnownFileType = sourcecode.swift; path = StatsView.swift; sourceTree = "<group>"; };
		6168A5A01C5308FEFB3DC22B /* ViewItineraryIntent.swift */ = {isa = PBXFileReference; lastKnownFileType = sourcecode.swift; path = ViewItineraryIntent.swift; sourceTree = "<group>"; };
		64E7334EC4C2E798E1CD3A86 /* LiveActivityAttributes.swift */ = {isa = PBXFileReference; lastKnownFileType = sourcecode.swift; path = LiveActivityAttributes.swift; sourceTree = "<group>"; };
		6504F6B2CCC744A43EBE7ED6 /* HotelBooking.swift */ = {isa = PBXFileReference; lastKnownFileType = sourcecode.swift; path = HotelBooking.swift; sourceTree = "<group>"; };
		65D374B1656FDC5E9C75AC05 /* VoiceMemoManager.swift */ = {isa = PBXFileReference; lastKnownFileType = sourcecode.swift; path = VoiceMemoManager.swift; sourceTree = "<group>"; };
		67CE17DCB89F9C96E3D36D82 /* SiriShortcutsManager.swift */ = {isa = PBXFileReference; lastKnownFileType = sourcecode.swift; path = SiriShortcutsManager.swift; sourceTree = "<group>"; };
		69F3F99C67C430BA89D1352A /* AnalysisStore.swift */ = {isa = PBXFileReference; lastKnownFileType = sourcecode.swift; path = AnalysisStore.swift; sourceTree = "<group>"; };
		6C77BB1D4DCD8617EBF6B1A1 /* ItineraryStoreCopyTests.swift */ = {isa = PBXFileReference; lastKnownFileType = sourcecode.swift; path = ItineraryStoreCopyTests.swift; sourceTree = "<group>"; };
		6FB0AC2078F86980EE30C725 /* MemoryManager.swift */ = {isa = PBXFileReference; lastKnownFileType = sourcecode.swift; path = MemoryManager.swift; sourceTree = "<group>"; };
		73F695BA2AD9B30F2BC01F4D /* Weather.swift */ = {isa = PBXFileReference; lastKnownFileType = sourcecode.swift; path = Weather.swift; sourceTree = "<group>"; };
		78C6DF1A172EC3ED5A2F2B4B /* MapHeader.swift */ = {isa = PBXFileReference; lastKnownFileType = sourcecode.swift; path = MapHeader.swift; sourceTree = "<group>"; };
		78F4D3AB38152BC902762E8C /* SimCard.swift */ = {isa = PBXFileReference; lastKnownFileType = sourcecode.swift; path = SimCard.swift; sourceTree = "<group>"; };
		7CA427F9EA74B72F68294863 /* Release.xcconfig */ = {isa = PBXFileReference; lastKnownFileType = text.xcconfig; path = Release.xcconfig; sourceTree = "<group>"; };
		7DB512C2350BFD092FE20F0A /* CloudSyncSettingsSheet.swift */ = {isa = PBXFileReference; lastKnownFileType = sourcecode.swift; path = CloudSyncSettingsSheet.swift; sourceTree = "<group>"; };
		7DC0E5D5CF44CA5A88716D7C /* ContentView.swift */ = {isa = PBXFileReference; lastKnownFileType = sourcecode.swift; path = ContentView.swift; sourceTree = "<group>"; };
		7DFC4CED1545F4DF705F4143 /* UserPreferences.swift */ = {isa = PBXFileReference; lastKnownFileType = sourcecode.swift; path = UserPreferences.swift; sourceTree = "<group>"; };
		7E1881045D7F837879999BFE /* AIPlan.swift */ = {isa = PBXFileReference; lastKnownFileType = sourcecode.swift; path = AIPlan.swift; sourceTree = "<group>"; };
		7E327F8D07FA635D7CA2FF98 /* BudgetOverviewView.swift */ = {isa = PBXFileReference; lastKnownFileType = sourcecode.swift; path = BudgetOverviewView.swift; sourceTree = "<group>"; };
		81312F5931096AA3DA90A07C /* PreferenceSelectionTests.swift */ = {isa = PBXFileReference; lastKnownFileType = sourcecode.swift; path = PreferenceSelectionTests.swift; sourceTree = "<group>"; };
		842C58C52600AA7AE1475938 /* AIPlannerSheet.swift */ = {isa = PBXFileReference; lastKnownFileType = sourcecode.swift; path = AIPlannerSheet.swift; sourceTree = "<group>"; };
		850E93AC87A32B8A0275B699 /* ThemeSettingsSheet.swift */ = {isa = PBXFileReference; lastKnownFileType = sourcecode.swift; path = ThemeSettingsSheet.swift; sourceTree = "<group>"; };
		8C4449D1637D48D3E4E20C18 /* CloudKitSyncManager.swift */ = {isa = PBXFileReference; lastKnownFileType = sourcecode.swift; path = CloudKitSyncManager.swift; sourceTree = "<group>"; };
		8D12B553F3E78BD95E3CEDAD /* ItineraryAnalysisView.swift */ = {isa = PBXFileReference; lastKnownFileType = sourcecode.swift; path = ItineraryAnalysisView.swift; sourceTree = "<group>"; };
		8EAD231DEED8EEC7BD672564 /* VisualEffects.swift */ = {isa = PBXFileReference; lastKnownFileType = sourcecode.swift; path = VisualEffects.swift; sourceTree = "<group>"; };
		909B8549E6B8AD2AD37BC7C0 /* ShareCardView.swift */ = {isa = PBXFileReference; lastKnownFileType = sourcecode.swift; path = ShareCardView.swift; sourceTree = "<group>"; };
		92F86A424489D5ED171ADB1A /* Flight.swift */ = {isa = PBXFileReference; lastKnownFileType = sourcecode.swift; path = Flight.swift; sourceTree = "<group>"; };
		93578B1D8A168A3DD05F28EA /* AIPlannerAPIClient.swift */ = {isa = PBXFileReference; lastKnownFileType = sourcecode.swift; path = AIPlannerAPIClient.swift; sourceTree = "<group>"; };
		947C99303624C59EC7014BC3 /* WiFi.swift */ = {isa = PBXFileReference; lastKnownFileType = sourcecode.swift; path = WiFi.swift; sourceTree = "<group>"; };
		97EB2089F5F7061C84D20DF4 /* SiriShortcutsSettingsView.swift */ = {isa = PBXFileReference; lastKnownFileType = sourcecode.swift; path = SiriShortcutsSettingsView.swift; sourceTree = "<group>"; };
		99ABE2634CF32E6F2522436D /* CopyableSourceTests.swift */ = {isa = PBXFileReference; lastKnownFileType = sourcecode.swift; path = CopyableSourceTests.swift; sourceTree = "<group>"; };
		9A0E9A7880FE046607D110DB /* Debug.xcconfig */ = {isa = PBXFileReference; lastKnownFileType = text.xcconfig; path = Debug.xcconfig; sourceTree = "<group>"; };
		9B90394763C3B516ED821E46 /* Pathfinding.app */ = {isa = PBXFileReference; includeInIndex = 0; lastKnownFileType = wrapper.application; path = Pathfinding.app; sourceTree = BUILT_PRODUCTS_DIR; };
		9BCD6E098FBFC8F2FA0BE8AD /* Itinerary.swift */ = {isa = PBXFileReference; lastKnownFileType = sourcecode.swift; path = Itinerary.swift; sourceTree = "<group>"; };
		9BDD22FB627F70A49153A40C /* AboutSheet.swift */ = {isa = PBXFileReference; lastKnownFileType = sourcecode.swift; path = AboutSheet.swift; sourceTree = "<group>"; };
		9C06A01DC3E9B8281DA78799 /* PreferencesAPIClient.swift */ = {isa = PBXFileReference; lastKnownFileType = sourcecode.swift; path = PreferencesAPIClient.swift; sourceTree = "<group>"; };
		9F2EDBD0AF2D1A4E15DC95B7 /* OfflineMapListView.swift */ = {isa = PBXFileReference; lastKnownFileType = sourcecode.swift; path = OfflineMapListView.swift; sourceTree = "<group>"; };
		A92B19D0CC35AA33798026C3 /* FlowLayout.swift */ = {isa = PBXFileReference; lastKnownFileType = sourcecode.swift; path = FlowLayout.swift; sourceTree = "<group>"; };
		A970D66F8A6E2B283B78D512 /* SpeechRecognitionManager.swift */ = {isa = PBXFileReference; lastKnownFileType = sourcecode.swift; path = SpeechRecognitionManager.swift; sourceTree = "<group>"; };
		AA8CAC7D750919F940F66160 /* VoiceInputView.swift */ = {isa = PBXFileReference; lastKnownFileType = sourcecode.swift; path = VoiceInputView.swift; sourceTree = "<group>"; };
		AA8F92056531BBE51FA7C8E7 /* zh-Hans */ = {isa = PBXFileReference; lastKnownFileType = text.plist.strings; name = "zh-Hans"; path = "zh-Hans.lproj/Localizable.strings"; sourceTree = "<group>"; };
		ACACAAE6FEA74D27B6C4364F /* TipsCard.swift */ = {isa = PBXFileReference; lastKnownFileType = sourcecode.swift; path = TipsCard.swift; sourceTree = "<group>"; };
		B002AA12B0ACE302AB6CD0E3 /* ItineraryAPIClient.swift */ = {isa = PBXFileReference; lastKnownFileType = sourcecode.swift; path = ItineraryAPIClient.swift; sourceTree = "<group>"; };
		B1A914B625B3AE70C54D8E21 /* LoginView.swift */ = {isa = PBXFileReference; lastKnownFileType = sourcecode.swift; path = LoginView.swift; sourceTree = "<group>"; };
		B3714BC33E60C76CAC38F263 /* EmailLoginFlowUITests.swift */ = {isa = PBXFileReference; lastKnownFileType = sourcecode.swift; path = EmailLoginFlowUITests.swift; sourceTree = "<group>"; };
		B508B564C0B70C1341B1267D /* ExpenseListView.swift */ = {isa = PBXFileReference; lastKnownFileType = sourcecode.swift; path = ExpenseListView.swift; sourceTree = "<group>"; };
		B963540201B19ADC9E6E02E8 /* NavigateToNextPOIIntent.swift */ = {isa = PBXFileReference; lastKnownFileType = sourcecode.swift; path = NavigateToNextPOIIntent.swift; sourceTree = "<group>"; };
		B9A19A6859829FD35BAB6FE1 /* ThemeManager.swift */ = {isa = PBXFileReference; lastKnownFileType = sourcecode.swift; path = ThemeManager.swift; sourceTree = "<group>"; };
		BD78180AC253F81A20465DB4 /* ChatStore.swift */ = {isa = PBXFileReference; lastKnownFileType = sourcecode.swift; path = ChatStore.swift; sourceTree = "<group>"; };
		BF8ECF98FF9859CBFB990B9E /* ItineraryAnalysis.swift */ = {isa = PBXFileReference; lastKnownFileType = sourcecode.swift; path = ItineraryAnalysis.swift; sourceTree = "<group>"; };
		C16BFE39788EB31384AB3343 /* Staging.xcconfig */ = {isa = PBXFileReference; lastKnownFileType = text.xcconfig; path = Staging.xcconfig; sourceTree = "<group>"; };
		C33BAEDCDB9684FA080C6999 /* ProfileStatsSection.swift */ = {isa = PBXFileReference; lastKnownFileType = sourcecode.swift; path = ProfileStatsSection.swift; sourceTree = "<group>"; };
		C6B8DF9D38A5B9E78B1A00AC /* ItineraryDayCard.swift */ = {isa = PBXFileReference; lastKnownFileType = sourcecode.swift; path = ItineraryDayCard.swift; sourceTree = "<group>"; };
		C80C869DF30828354D994AE2 /* ItineraryListView.swift */ = {isa = PBXFileReference; lastKnownFileType = sourcecode.swift; path = ItineraryListView.swift; sourceTree = "<group>"; };
		C8DA87EC3936B6065F201DF1 /* Ticket.swift */ = {isa = PBXFileReference; lastKnownFileType = sourcecode.swift; path = Ticket.swift; sourceTree = "<group>"; };
		CAFD1CBCD00AD463A8DB4C4B /* APIError.swift */ = {isa = PBXFileReference; lastKnownFileType = sourcecode.swift; path = APIError.swift; sourceTree = "<group>"; };
		CB460C63746A04425DBCD157 /* APISettingsSheet.swift */ = {isa = PBXFileReference; lastKnownFileType = sourcecode.swift; path = APISettingsSheet.swift; sourceTree = "<group>"; };
		CDB6C69978B4EE9C43BF70E9 /* ChatView.swift */ = {isa = PBXFileReference; lastKnownFileType = sourcecode.swift; path = ChatView.swift; sourceTree = "<group>"; };
		D04B25DC1D07B0E5E3482FAB /* Pathfinding.entitlements */ = {isa = PBXFileReference; lastKnownFileType = text.plist.entitlements; path = Pathfinding.entitlements; sourceTree = "<group>"; };
		D07D06AEEC92366CD1FCD629 /* AppConfig.swift */ = {isa = PBXFileReference; lastKnownFileType = sourcecode.swift; path = AppConfig.swift; sourceTree = "<group>"; };
		D1A34F59C6A0F5395146D718 /* Share.swift */ = {isa = PBXFileReference; lastKnownFileType = sourcecode.swift; path = Share.swift; sourceTree = "<group>"; };
		E041688DCCA52199B6B74195 /* AddExpenseView.swift */ = {isa = PBXFileReference; lastKnownFileType = sourcecode.swift; path = AddExpenseView.swift; sourceTree = "<group>"; };
		E0A7B59E95DA141FDAC0291B /* ItineraryDetailDestinationsTests.swift */ = {isa = PBXFileReference; lastKnownFileType = sourcecode.swift; path = ItineraryDetailDestinationsTests.swift; sourceTree = "<group>"; };
		E2418ED4F523E4289DCF7E98 /* CarPlayManager.swift */ = {isa = PBXFileReference; lastKnownFileType = sourcecode.swift; path = CarPlayManager.swift; sourceTree = "<group>"; };
		E2696A5A8C0E1CD9D9656B37 /* BudgetStore.swift */ = {isa = PBXFileReference; lastKnownFileType = sourcecode.swift; path = BudgetStore.swift; sourceTree = "<group>"; };
		E4B9013C3927FD9562F7D2E3 /* PreferencesView.swift */ = {isa = PBXFileReference; lastKnownFileType = sourcecode.swift; path = PreferencesView.swift; sourceTree = "<group>"; };
		E8846F057B4A3D82D939684E /* PathfindingShortcuts.swift */ = {isa = PBXFileReference; lastKnownFileType = sourcecode.swift; path = PathfindingShortcuts.swift; sourceTree = "<group>"; };
		EABBEE9417163337D138B717 /* SharedWidgetModels.swift */ = {isa = PBXFileReference; lastKnownFileType = sourcecode.swift; path = SharedWidgetModels.swift; sourceTree = "<group>"; };
		ECD7F9D0193A792181F97F8C /* CacheSettingsView.swift */ = {isa = PBXFileReference; lastKnownFileType = sourcecode.swift; path = CacheSettingsView.swift; sourceTree = "<group>"; };
		ECE31672026872068D0A1B0F /* OfflineMapDownloadView.swift */ = {isa = PBXFileReference; lastKnownFileType = sourcecode.swift; path = OfflineMapDownloadView.swift; sourceTree = "<group>"; };
		ED69B8F2CC3E08525EB73224 /* WatchData.swift */ = {isa = PBXFileReference; lastKnownFileType = sourcecode.swift; path = WatchData.swift; sourceTree = "<group>"; };
		EEBACDC30BBAD899C2125CA6 /* WidgetDataManager.swift */ = {isa = PBXFileReference; lastKnownFileType = sourcecode.swift; path = WidgetDataManager.swift; sourceTree = "<group>"; };
		F03DF411C22C17F30010656D /* TravelStats.swift */ = {isa = PBXFileReference; lastKnownFileType = sourcecode.swift; path = TravelStats.swift; sourceTree = "<group>"; };
		F43571D3A08FBEDAD180D1BB /* SavedItinerary.swift */ = {isa = PBXFileReference; lastKnownFileType = sourcecode.swift; path = SavedItinerary.swift; sourceTree = "<group>"; };
		F473F942F97F461ADCC99AEF /* PathfindingApp.swift */ = {isa = PBXFileReference; lastKnownFileType = sourcecode.swift; path = PathfindingApp.swift; sourceTree = "<group>"; };
		F67D8AD3CC8EC1D4E50CE8EF /* CarPlaySceneDelegate.swift */ = {isa = PBXFileReference; lastKnownFileType = sourcecode.swift; path = CarPlaySceneDelegate.swift; sourceTree = "<group>"; };
		FB193932DBE94AE6E7443111 /* ShareManager.swift */ = {isa = PBXFileReference; lastKnownFileType = sourcecode.swift; path = ShareManager.swift; sourceTree = "<group>"; };
		FDDD0352CE972C041C193895 /* ItineraryStore.swift */ = {isa = PBXFileReference; lastKnownFileType = sourcecode.swift; path = ItineraryStore.swift; sourceTree = "<group>"; };
		FEADDF8D8F827D98224C5319 /* BlogPost.swift */ = {isa = PBXFileReference; lastKnownFileType = sourcecode.swift; path = BlogPost.swift; sourceTree = "<group>"; };
/* End PBXFileReference section */

/* Begin PBXGroup section */
		01A20607967100110886594D /* Models */ = {
			isa = PBXGroup;
			children = (
				CAFD1CBCD00AD463A8DB4C4B /* APIError.swift */,
			);
			path = Models;
			sourceTree = "<group>";
		};
		1E231EE9EE85693FC367BD44 /* Profile */ = {
			isa = PBXGroup;
			children = (
				38B95C172DE64B3FB017DD5A /* ProfileSettingsRows.swift */,
				C33BAEDCDB9684FA080C6999 /* ProfileStatsSection.swift */,
			);
			path = Profile;
			sourceTree = "<group>";
		};
		25E3028DB8A9CE9EA7CE6C84 /* Network */ = {
			isa = PBXGroup;
			children = (
				93578B1D8A168A3DD05F28EA /* AIPlannerAPIClient.swift */,
				1D0315AA3855E5B9DCC03F56 /* NetworkClient.swift */,
				032B3EAC1B9257E7B83335B4 /* NetworkClient+Generic.swift */,
				E17D9438A8FC8DBEEA5C16AD /* Clients */,
				01A20607967100110886594D /* Models */,
			);
			path = Network;
			sourceTree = "<group>";
		};
		28F1BA9F288DC6318E542670 /* Chat */ = {
			isa = PBXGroup;
			children = (
				CDB6C69978B4EE9C43BF70E9 /* ChatView.swift */,
			);
			path = Chat;
			sourceTree = "<group>";
		};
		3EA643E178C0178B1420283A /* SiriShortcuts */ = {
			isa = PBXGroup;
			children = (
				B963540201B19ADC9E6E02E8 /* NavigateToNextPOIIntent.swift */,
				E8846F057B4A3D82D939684E /* PathfindingShortcuts.swift */,
				16236A02F25138A7D94952FD /* SearchPOIIntent.swift */,
				1967DE9D51D101A74743133C /* SiriNavigationModifier.swift */,
				67CE17DCB89F9C96E3D36D82 /* SiriShortcutsManager.swift */,
				6168A5A01C5308FEFB3DC22B /* ViewItineraryIntent.swift */,
				40D81840A5C5DF12CC4530D5 /* ViewTodayItineraryIntent.swift */,
			);
			path = SiriShortcuts;
			sourceTree = "<group>";
		};
		44D7FAC2D9D68D4B472973AA /* Auth */ = {
			isa = PBXGroup;
			children = (
				B1A914B625B3AE70C54D8E21 /* LoginView.swift */,
				5371E3005626A5BBA18C9F9E /* SignupView.swift */,
			);
			path = Auth;
			sourceTree = "<group>";
		};
		57350C9FAF534000114CED2D /* PathfindingTests */ = {
			isa = PBXGroup;
			children = (
				21BB48CE89EE6222D2A0D5FA /* AccentColorPersistenceTests.swift */,
				1659CAA114BDDDB72101E180 /* AuthManagerRequestTests.swift */,
				0CC4A210476299CDED1AE553 /* ChatModelDecodingTests.swift */,
				FC72EE246B8EC297F7502A2D /* CityEncyclopediaReachabilityTests.swift */,
				99ABE2634CF32E6F2522436D /* CopyableSourceTests.swift */,
				59162E257AA1C57B68BFA460 /* ExpenseFormModelTests.swift */,
				E0A7B59E95DA141FDAC0291B /* ItineraryDetailDestinationsTests.swift */,
				6C77BB1D4DCD8617EBF6B1A1 /* ItineraryStoreCopyTests.swift */,
				19F4F46F2E1A8FBBE957E6DE /* PoiSearchDebounceTests.swift */,
				81312F5931096AA3DA90A07C /* PreferenceSelectionTests.swift */,
			);
			path = PathfindingTests;
			sourceTree = "<group>";
		};
		5EEF43E9CF103B6A18560BC9 /* Features */ = {
			isa = PBXGroup;
			children = (
				08C22D18715DAE2244022C97 /* CopyItinerarySheet.swift */,
				C80C869DF30828354D994AE2 /* ItineraryListView.swift */,
				ECE31672026872068D0A1B0F /* OfflineMapDownloadView.swift */,
				9F2EDBD0AF2D1A4E15DC95B7 /* OfflineMapListView.swift */,
				0F9C4D9885656593374D8FE7 /* PoiEditView.swift */,
				E4B9013C3927FD9562F7D2E3 /* PreferencesView.swift */,
				1155EC587C26AD4399113BBA /* ProfileView.swift */,
				611F45696040CC4865B5AEEA /* StatsView.swift */,
				3CBEB115FD70B41070F36552 /* VoiceItineraryView.swift */,
				D713019E3A4E92A84FC8F0B0 /* AIPlanner */,
				DE16A071B98F2AF4B7B93295 /* Analysis */,
				44D7FAC2D9D68D4B472973AA /* Auth */,
				6936046F228E05FA42CC7B40 /* Budget */,
				28F1BA9F288DC6318E542670 /* Chat */,
				F7E237F707D6B975828C489A /* Components */,
				B00BB46BB0FD6691D0255646 /* Itinerary */,
				1E231EE9EE85693FC367BD44 /* Profile */,
				B581A1A405B7F064C625077A /* Settings */,
				8E393D47117D2507167B7190 /* Share */,
				703BDB63F0F7735AD0865563 /* SiriShortcuts */,
			);
			path = Features;
			sourceTree = "<group>";
		};
		611E4B02D1805C8A959B2FBE /* CarPlay */ = {
			isa = PBXGroup;
			children = (
				E2418ED4F523E4289DCF7E98 /* CarPlayManager.swift */,
				F67D8AD3CC8EC1D4E50CE8EF /* CarPlaySceneDelegate.swift */,
				53FB3A141ED6A91078CE1579 /* CarPlayVoiceCommandHandler.swift */,
			);
			path = CarPlay;
			sourceTree = "<group>";
		};
		6936046F228E05FA42CC7B40 /* Budget */ = {
			isa = PBXGroup;
			children = (
				E041688DCCA52199B6B74195 /* AddExpenseView.swift */,
				7E327F8D07FA635D7CA2FF98 /* BudgetOverviewView.swift */,
				2A8496B5EDC0C69D2B38A064 /* EditBudgetView.swift */,
				B508B564C0B70C1341B1267D /* ExpenseListView.swift */,
			);
			path = Budget;
			sourceTree = "<group>";
		};
		703BDB63F0F7735AD0865563 /* SiriShortcuts */ = {
			isa = PBXGroup;
			children = (
				97EB2089F5F7061C84D20DF4 /* SiriShortcutsSettingsView.swift */,
			);
			path = SiriShortcuts;
			sourceTree = "<group>";
		};
		8E393D47117D2507167B7190 /* Share */ = {
			isa = PBXGroup;
			children = (
				909B8549E6B8AD2AD37BC7C0 /* ShareCardView.swift */,
				2F6F65B1DE4CA63C7A152FEE /* ShareSheet.swift */,
			);
			path = Share;
			sourceTree = "<group>";
		};
		96B92A66F6922764312D6385 /* Core */ = {
			isa = PBXGroup;
			children = (
				69F3F99C67C430BA89D1352A /* AnalysisStore.swift */,
				D07D06AEEC92366CD1FCD629 /* AppConfig.swift */,
				3AC5E5BA1C8C9CAD38E67A39 /* AuthManager.swift */,
				E2696A5A8C0E1CD9D9656B37 /* BudgetStore.swift */,
				BD78180AC253F81A20465DB4 /* ChatStore.swift */,
				8C4449D1637D48D3E4E20C18 /* CloudKitSyncManager.swift */,
				4A26A27AD966905608C9A4A7 /* Date+RelativeTime.swift */,
				0587DE650547388197EBB66D /* FootprintStore.swift */,
				FDDD0352CE972C041C193895 /* ItineraryStore.swift */,
				3ADD63621DF9E3465C8277FF /* LocalizationManager.swift */,
				6FB0AC2078F86980EE30C725 /* MemoryManager.swift */,
				33B3A66B7530CAFCF7F4709C /* OfflineMapDownloadTask.swift */,
				6073039DEE13E7DE0F346FC3 /* OfflineMapManager.swift */,
				413E7634A4B94D700F415B0F /* OfflineMapStorage.swift */,
				2925416C690ACFFBE6C326C5 /* PreferenceStore.swift */,
				01A0D1598E22F1E1B3257002 /* ShareImageGenerator.swift */,
				FB193932DBE94AE6E7443111 /* ShareManager.swift */,
				A970D66F8A6E2B283B78D512 /* SpeechRecognitionManager.swift */,
				5E550E04A689AF16F423F95C /* StatsStore.swift */,
				B9A19A6859829FD35BAB6FE1 /* ThemeManager.swift */,
				25D395D2C3920ED073C23AC2 /* VoiceCommandParser.swift */,
				65D374B1656FDC5E9C75AC05 /* VoiceMemoManager.swift */,
				EEBACDC30BBAD899C2125CA6 /* WidgetDataManager.swift */,
				611E4B02D1805C8A959B2FBE /* CarPlay */,
				25E3028DB8A9CE9EA7CE6C84 /* Network */,
				3EA643E178C0178B1420283A /* SiriShortcuts */,
			);
			path = Core;
			sourceTree = "<group>";
		};
		B00BB46BB0FD6691D0255646 /* Itinerary */ = {
			isa = PBXGroup;
			children = (
				4F4C6BC4310458B339ADA612 /* DayEditSheet.swift */,
				C6B8DF9D38A5B9E78B1A00AC /* ItineraryDayCard.swift */,
				1E5E9D3436DA3A7E5194ED8F /* ItineraryDetailView.swift */,
				78C6DF1A172EC3ED5A2F2B4B /* MapHeader.swift */,
				0CCA70C322E27307AFF6393C /* TimelineSection.swift */,
				ACACAAE6FEA74D27B6C4364F /* TipsCard.swift */,
			);
			path = Itinerary;
			sourceTree = "<group>";
		};
		B581A1A405B7F064C625077A /* Settings */ = {
			isa = PBXGroup;
			children = (
				9BDD22FB627F70A49153A40C /* AboutSheet.swift */,
				CB460C63746A04425DBCD157 /* APISettingsSheet.swift */,
				ECD7F9D0193A792181F97F8C /* CacheSettingsView.swift */,
				7DB512C2350BFD092FE20F0A /* CloudSyncSettingsSheet.swift */,
				325070C7F0CB03F177310A25 /* LanguageSettingsSheet.swift */,
				850E93AC87A32B8A0275B699 /* ThemeSettingsSheet.swift */,
			);
			path = Settings;
			sourceTree = "<group>";
		};
		C12A8A3188D28BAF169B2401 /* Models */ = {
			isa = PBXGroup;
			children = (
				7E1881045D7F837879999BFE /* AIPlan.swift */,
				FEADDF8D8F827D98224C5319 /* BlogPost.swift */,
				14370BBB878C7C34052B0F71 /* Budget.swift */,
				46336CB54DE863E8AAD78738 /* Chat.swift */,
				92F86A424489D5ED171ADB1A /* Flight.swift */,
				39EEA902BD4E646F405ED736 /* Footprint.swift */,
				6504F6B2CCC744A43EBE7ED6 /* HotelBooking.swift */,
				9BCD6E098FBFC8F2FA0BE8AD /* Itinerary.swift */,
				BF8ECF98FF9859CBFB990B9E /* ItineraryAnalysis.swift */,
				4E73984DCF85687DF154AAF4 /* ItineraryVersion.swift */,
				2F7187A6A87BB6F867B1480D /* LocalEvent.swift */,
				4C0C6A79C5A3629372E99938 /* Luggage.swift */,
				611D4858FF84DECD71D7FC34 /* OfflineMapRegion.swift */,
				27FAF168BD038654253454A3 /* PoiPhoto.swift */,
				F43571D3A08FBEDAD180D1BB /* SavedItinerary.swift */,
				D1A34F59C6A0F5395146D718 /* Share.swift */,
				78F4D3AB38152BC902762E8C /* SimCard.swift */,
				C8DA87EC3936B6065F201DF1 /* Ticket.swift */,
				4CAFF47864F08DDDA78B5462 /* Transport.swift */,
				F03DF411C22C17F30010656D /* TravelStats.swift */,
				7DFC4CED1545F4DF705F4143 /* UserPreferences.swift */,
				73F695BA2AD9B30F2BC01F4D /* Weather.swift */,
				947C99303624C59EC7014BC3 /* WiFi.swift */,
			);
			path = Models;
			sourceTree = "<group>";
		};
		C26D2DABEAFA863933C42A75 /* Shared */ = {
			isa = PBXGroup;
			children = (
				64E7334EC4C2E798E1CD3A86 /* LiveActivityAttributes.swift */,
				EABBEE9417163337D138B717 /* SharedWidgetModels.swift */,
				40EC7B49A886134F3823C811 /* WatchConnectivityManager.swift */,
				ED69B8F2CC3E08525EB73224 /* WatchData.swift */,
				16BDAEF9C57B53527B8EFDFB /* WatchSessionManager.swift */,
			);
			path = Shared;
			sourceTree = "<group>";
		};
		CB37C6C371ADF365966B3C61 /* Resources */ = {
			isa = PBXGroup;
			children = (
				76E58580224B97C6B59FEFE6 /* Localizable.strings */,
			);
			path = Resources;
			sourceTree = "<group>";
		};
		D713019E3A4E92A84FC8F0B0 /* AIPlanner */ = {
			isa = PBXGroup;
			children = (
				842C58C52600AA7AE1475938 /* AIPlannerSheet.swift */,
			);
			path = AIPlanner;
			sourceTree = "<group>";
		};
		D7493A283B966BF13B12C2FD = {
			isa = PBXGroup;
			children = (
				EA64ED24D798D21F29C77081 /* Config */,
				DFE6579E142C75920F06A18A /* Pathfinding */,
				57350C9FAF534000114CED2D /* PathfindingTests */,
				E3BB8EBA30BEF19CA9712180 /* PathfindingUITests */,
				C26D2DABEAFA863933C42A75 /* Shared */,
				DE3C343C3825CDC8D26648F7 /* Products */,
			);
			sourceTree = "<group>";
		};
		DE16A071B98F2AF4B7B93295 /* Analysis */ = {
			isa = PBXGroup;
			children = (
				8D12B553F3E78BD95E3CEDAD /* ItineraryAnalysisView.swift */,
			);
			path = Analysis;
			sourceTree = "<group>";
		};
		DE3C343C3825CDC8D26648F7 /* Products */ = {
			isa = PBXGroup;
			children = (
				9B90394763C3B516ED821E46 /* Pathfinding.app */,
				0FC3544E0004E07D487EE3BD /* PathfindingTests.xctest */,
				441D56FC9496D99B1D26A9E9 /* PathfindingUITests.xctest */,
			);
			name = Products;
			sourceTree = "<group>";
		};
		DFE6579E142C75920F06A18A /* Pathfinding */ = {
			isa = PBXGroup;
			children = (
				45483963DF5BAECD964E3082 /* Assets.xcassets */,
				7DC0E5D5CF44CA5A88716D7C /* ContentView.swift */,
				239CCBBB27B2B3BE204BDA74 /* Info.plist */,
				D04B25DC1D07B0E5E3482FAB /* Pathfinding.entitlements */,
				F473F942F97F461ADCC99AEF /* PathfindingApp.swift */,
				96B92A66F6922764312D6385 /* Core */,
				5EEF43E9CF103B6A18560BC9 /* Features */,
				C12A8A3188D28BAF169B2401 /* Models */,
				CB37C6C371ADF365966B3C61 /* Resources */,
			);
			path = Pathfinding;
			sourceTree = "<group>";
		};
		E17D9438A8FC8DBEEA5C16AD /* Clients */ = {
			isa = PBXGroup;
			children = (
				B002AA12B0ACE302AB6CD0E3 /* ItineraryAPIClient.swift */,
				9C06A01DC3E9B8281DA78799 /* PreferencesAPIClient.swift */,
			);
			path = Clients;
			sourceTree = "<group>";
		};
		E3BB8EBA30BEF19CA9712180 /* PathfindingUITests */ = {
			isa = PBXGroup;
			children = (
				B3714BC33E60C76CAC38F263 /* EmailLoginFlowUITests.swift */,
				05E5CDDDEBC53537F67BC826 /* ScreenshotTests.swift */,
			);
			path = PathfindingUITests;
			sourceTree = "<group>";
		};
		EA64ED24D798D21F29C77081 /* Config */ = {
			isa = PBXGroup;
			children = (
				9A0E9A7880FE046607D110DB /* Debug.xcconfig */,
				7CA427F9EA74B72F68294863 /* Release.xcconfig */,
				C16BFE39788EB31384AB3343 /* Staging.xcconfig */,
			);
			path = Config;
			sourceTree = "<group>";
		};
		F7E237F707D6B975828C489A /* Components */ = {
			isa = PBXGroup;
			children = (
				150DD530C2F4383B398260A8 /* CachedAsyncImage.swift */,
				4F941316940938FD8267380E /* DesignSystem.swift */,
				A92B19D0CC35AA33798026C3 /* FlowLayout.swift */,
				420C2AFA83EF512A8AB9DBEB /* OfflineTileOverlay.swift */,
				3FC38137996F361BD88E60A1 /* OptimizedMapView.swift */,
				8EAD231DEED8EEC7BD672564 /* VisualEffects.swift */,
				AA8CAC7D750919F940F66160 /* VoiceInputView.swift */,
			);
			path = Components;
			sourceTree = "<group>";
		};
/* End PBXGroup section */

/* Begin PBXNativeTarget section */
		13225BBD51391F257A6548A1 /* Pathfinding */ = {
			isa = PBXNativeTarget;
			buildConfigurationList = A6604F211371FBC42FD08B43 /* Build configuration list for PBXNativeTarget "Pathfinding" */;
			buildPhases = (
				C215F8CC7B94F5FE9FC04FA9 /* Sources */,
				6AD92BBB3151BFE46071A48B /* Resources */,
			);
			buildRules = (
			);
			dependencies = (
			);
			name = Pathfinding;
			packageProductDependencies = (
			);
			productName = Pathfinding;
			productReference = 9B90394763C3B516ED821E46 /* Pathfinding.app */;
			productType = "com.apple.product-type.application";
		};
		493C15AFC09F20C91AABBA79 /* PathfindingUITests */ = {
			isa = PBXNativeTarget;
			buildConfigurationList = 8161AB687E173A2691BE616E /* Build configuration list for PBXNativeTarget "PathfindingUITests" */;
			buildPhases = (
				953512148C977865B3023404 /* Sources */,
			);
			buildRules = (
			);
			dependencies = (
				8E3E1BBD763A57E864CBBCB0 /* PBXTargetDependency */,
			);
			name = PathfindingUITests;
			packageProductDependencies = (
			);
			productName = PathfindingUITests;
			productReference = 441D56FC9496D99B1D26A9E9 /* PathfindingUITests.xctest */;
			productType = "com.apple.product-type.bundle.ui-testing";
		};
		DF1DC9C73AD33F46F0809EAB /* PathfindingTests */ = {
			isa = PBXNativeTarget;
			buildConfigurationList = ECA7E872E12FF8A2F1FBE62F /* Build configuration list for PBXNativeTarget "PathfindingTests" */;
			buildPhases = (
				F02B1BA0A9929E514515F01C /* Sources */,
			);
			buildRules = (
			);
			dependencies = (
				ED26CB9CB76FF1A06AB64F49 /* PBXTargetDependency */,
			);
			name = PathfindingTests;
			packageProductDependencies = (
			);
			productName = PathfindingTests;
			productReference = 0FC3544E0004E07D487EE3BD /* PathfindingTests.xctest */;
			productType = "com.apple.product-type.bundle.unit-test";
		};
/* End PBXNativeTarget section */

/* Begin PBXProject section */
		AF87F1ACA3F795ED61537E7A /* Project object */ = {
			isa = PBXProject;
			attributes = {
				BuildIndependentTargetsInParallel = YES;
				LastUpgradeCheck = 2700;
				TargetAttributes = {
					13225BBD51391F257A6548A1 = {
						DevelopmentTeam = 62HCT6Q83X;
						ProvisioningStyle = Automatic;
					};
					493C15AFC09F20C91AABBA79 = {
						DevelopmentTeam = "";
						ProvisioningStyle = Automatic;
						TestTargetID = 13225BBD51391F257A6548A1;
					};
					DF1DC9C73AD33F46F0809EAB = {
						DevelopmentTeam = "";
						ProvisioningStyle = Automatic;
					};
				};
			};
			buildConfigurationList = 86142D8525665EE72BC83369 /* Build configuration list for PBXProject "Pathfinding" */;
			developmentRegion = en;
			hasScannedForEncodings = 0;
			knownRegions = (
				Base,
				en,
				"zh-Hans",
			);
			mainGroup = D7493A283B966BF13B12C2FD;
			minimizedProjectReferenceProxies = 1;
			preferredProjectObjectVersion = 77;
			productRefGroup = DE3C343C3825CDC8D26648F7 /* Products */;
			projectDirPath = "";
			projectRoot = "";
			targets = (
				13225BBD51391F257A6548A1 /* Pathfinding */,
				DF1DC9C73AD33F46F0809EAB /* PathfindingTests */,
				493C15AFC09F20C91AABBA79 /* PathfindingUITests */,
			);
		};
/* End PBXProject section */

/* Begin PBXResourcesBuildPhase section */
		6AD92BBB3151BFE46071A48B /* Resources */ = {
			isa = PBXResourcesBuildPhase;
			buildActionMask = 2147483647;
			files = (
				0F49EF390FE6C9E3DF50FDC7 /* Assets.xcassets in Resources */,
				4B5CFB48FD40534D21C1ACE9 /* Localizable.strings in Resources */,
			);
			runOnlyForDeploymentPostprocessing = 0;
		};
/* End PBXResourcesBuildPhase section */

/* Begin PBXSourcesBuildPhase section */
		953512148C977865B3023404 /* Sources */ = {
			isa = PBXSourcesBuildPhase;
			buildActionMask = 2147483647;
			files = (
				71BF5CBD294A01C9FA2C53F5 /* EmailLoginFlowUITests.swift in Sources */,
				8A1FF1648D445B54CE852D14 /* ScreenshotTests.swift in Sources */,
			);
			runOnlyForDeploymentPostprocessing = 0;
		};
		C215F8CC7B94F5FE9FC04FA9 /* Sources */ = {
			isa = PBXSourcesBuildPhase;
			buildActionMask = 2147483647;
			files = (
				3EFBD43296D7DC1EF547F71F /* AIPlan.swift in Sources */,
				6F9C83277419D11C82278309 /* AIPlannerAPIClient.swift in Sources */,
				412DAD7121A24F9C0E2661C8 /* AIPlannerSheet.swift in Sources */,
				6EB298DB7A0743E1D64EB5CE /* APIError.swift in Sources */,
				C37857468DDBB754730D78EB /* APISettingsSheet.swift in Sources */,
				32899EE1A22CF1B3DAC4941C /* AboutSheet.swift in Sources */,
				5AA15CC87D3FF7AF96B75502 /* AddExpenseView.swift in Sources */,
				CD9E10F06A6922A6FDF86082 /* AnalysisStore.swift in Sources */,
				5736AA41900755D0B1647BD6 /* AppConfig.swift in Sources */,
				03207FBDC315AA6C03F288F2 /* AuthManager.swift in Sources */,
				DD6488A271910ABDE48DA72A /* BlogPost.swift in Sources */,
				6DEBB0BBEFEE556B8C8CFBF6 /* Budget.swift in Sources */,
				C93FF5A6EBF9999A0026776A /* BudgetOverviewView.swift in Sources */,
				6E8FA74E96859D1799B437B6 /* BudgetStore.swift in Sources */,
				38F3E8A19647736C8932B9EC /* CacheSettingsView.swift in Sources */,
				8C0CA3722560758A7B9E6535 /* CachedAsyncImage.swift in Sources */,
				125F3F58EC00B3DE939DF6E2 /* CarPlayManager.swift in Sources */,
				8CA988FFB860EF9BF2BCCB7B /* CarPlaySceneDelegate.swift in Sources */,
				542E3A9A66D56C78FDB2D549 /* CarPlayVoiceCommandHandler.swift in Sources */,
				C3C6399CE7C70EB7F80AA83B /* Chat.swift in Sources */,
				06F6B31D35F26707113B5349 /* ChatStore.swift in Sources */,
				7BDB45A2FDEB797CA16F3FEE /* ChatView.swift in Sources */,
				585CC0D41049F300745205E4 /* CloudKitSyncManager.swift in Sources */,
				9BA614F03FC86C9B07872661 /* CloudSyncSettingsSheet.swift in Sources */,
				ACF80467617E6570777A3DCB /* ContentView.swift in Sources */,
				1269CF78049ADCB00F5E32AF /* CopyItinerarySheet.swift in Sources */,
				9E49061537207E58BC3B127C /* Date+RelativeTime.swift in Sources */,
				DC5E59C7BC839DC0EDAC1B7C /* DayEditSheet.swift in Sources */,
				E8CE944BDEE799DD2C7348F4 /* DesignSystem.swift in Sources */,
				5E8B83A21046D96829003E64 /* EditBudgetView.swift in Sources */,
				7E52564C035441D32FB49C14 /* ExpenseListView.swift in Sources */,
				A251B46EE817775E5E7964AC /* Flight.swift in Sources */,
				229C6B8A3EB4A822BBE24821 /* FlowLayout.swift in Sources */,
				29837069CE6C02A3915E964D /* Footprint.swift in Sources */,
				A3B5BA26D2A884C8C2D816B3 /* FootprintStore.swift in Sources */,
				AB8D1B70A0E9CB0A8D7D4AAA /* HotelBooking.swift in Sources */,
				86490BF86D4ED61BC0D5CFD2 /* Itinerary.swift in Sources */,
				21F465B7E523B08C68B2CAC7 /* ItineraryAPIClient.swift in Sources */,
				1FF6A28B578B9EE469362A37 /* ItineraryAnalysis.swift in Sources */,
				5CEF028C9D48612C23F80B3B /* ItineraryAnalysisView.swift in Sources */,
				8E62E7F835EB752FC124DA35 /* ItineraryDayCard.swift in Sources */,
				D112A5D8E71D972253B8B56D /* ItineraryDetailView.swift in Sources */,
				9A042CFA39774EA61384518A /* ItineraryListView.swift in Sources */,
				3FDC37F9452D153C6C569401 /* ItineraryStore.swift in Sources */,
				FB1E788982E9CBACF5995B2A /* ItineraryVersion.swift in Sources */,
				DADFF11D26DCD1475DA13C0F /* LanguageSettingsSheet.swift in Sources */,
				B87E6F32079FA942D939E45D /* LiveActivityAttributes.swift in Sources */,
				C449E3FD623142FB34ACB54C /* LocalEvent.swift in Sources */,
				5B0D8A0030B60C6BB6568134 /* LocalizationManager.swift in Sources */,
				3055740198398949BA21249C /* LoginView.swift in Sources */,
				737D8AB41A1322219471E49A /* Luggage.swift in Sources */,
				D572CB192C871C33BB6AEA20 /* MapHeader.swift in Sources */,
				A6B521BED74787BC4E08BA4E /* MemoryManager.swift in Sources */,
				C11882A674294FC265D878D6 /* NavigateToNextPOIIntent.swift in Sources */,
				F090EACFC8414DDB1FF6F1C4 /* NetworkClient+Generic.swift in Sources */,
				A4F2A0E31948B811F1D25CAC /* NetworkClient.swift in Sources */,
				29A30ECAC621FDAD0A81BCC4 /* OfflineMapDownloadTask.swift in Sources */,
				EE6F04AEF904613AC56C9C7B /* OfflineMapDownloadView.swift in Sources */,
				3D1376BCB3478C1D8B2397B8 /* OfflineMapListView.swift in Sources */,
				A17F266D5F6FCB9916DB71AF /* OfflineMapManager.swift in Sources */,
				16D69EA25B9616588DFF7A0A /* OfflineMapRegion.swift in Sources */,
				E9B012730C2C1AFCB1A513AD /* OfflineMapStorage.swift in Sources */,
				DACD2A8CFE50434EF184D313 /* OfflineTileOverlay.swift in Sources */,
				BB2C9429AA11707EC057FBE7 /* OptimizedMapView.swift in Sources */,
				38610C8194871525123CE555 /* PathfindingApp.swift in Sources */,
				7098E7F51C5AF6BAC6FF195F /* PathfindingShortcuts.swift in Sources */,
				883D57E21B447D0F6CBABDA1 /* PoiEditView.swift in Sources */,
				16B6BD94B9D3B6924BE17136 /* PoiPhoto.swift in Sources */,
				D8EDC82A450AC88B85F3730D /* PreferenceStore.swift in Sources */,
				054C17441869C64997C6885B /* PreferencesAPIClient.swift in Sources */,
				6B56966F14CECA0527ED1888 /* PreferencesView.swift in Sources */,
				969B2940E49322965DDCF017 /* ProfileSettingsRows.swift in Sources */,
				3A362515E77FDF5BCD89C5E8 /* ProfileStatsSection.swift in Sources */,
				33B39CA42A3F37F33254E162 /* ProfileView.swift in Sources */,
				0B01D5D1D6C9A15C133BA9C9 /* SavedItinerary.swift in Sources */,
				9BCE077583ECBCC144F6BE05 /* SearchPOIIntent.swift in Sources */,
				DB16B898A00162C29BCCA098 /* Share.swift in Sources */,
				8436BBA8B4F950D45CBC7AEC /* ShareCardView.swift in Sources */,
				675EFD15236A4A57C6CDF829 /* ShareImageGenerator.swift in Sources */,
				E90E5D1BC09DF7D09A8027B0 /* ShareManager.swift in Sources */,
				8D28F643DDFB3D3B472FF9AE /* ShareSheet.swift in Sources */,
				805B00DD48BB61CF077C28C4 /* SharedWidgetModels.swift in Sources */,
				5E2ECEC0214C66B95A0484F2 /* SignupView.swift in Sources */,
				B25BA6FFF6456A481498CEDA /* SimCard.swift in Sources */,
				460BC2BFB48347CEF596094F /* SiriNavigationModifier.swift in Sources */,
				24C8C25982B6F2FACA4DB219 /* SiriShortcutsManager.swift in Sources */,
				4E4FD8221CC0F2B6A73B1D75 /* SiriShortcutsSettingsView.swift in Sources */,
				92D15CE5991564EAEF2ABF71 /* SpeechRecognitionManager.swift in Sources */,
				42D7A5E3FCEB6C6E2A89BEA0 /* StatsStore.swift in Sources */,
				B0FC362885A6ABFCEFF165FA /* StatsView.swift in Sources */,
				FB41870E71A17738C7593518 /* ThemeManager.swift in Sources */,
				82E50E099D22DE9A6A12CFE5 /* ThemeSettingsSheet.swift in Sources */,
				994FB41FDD53F62AB8225B88 /* Ticket.swift in Sources */,
				F9D9350B82FF8DBFFCC1BEA1 /* TimelineSection.swift in Sources */,
				550C122999E2B1C5660990C8 /* TipsCard.swift in Sources */,
				06D37524466CDF851A6E1C29 /* Transport.swift in Sources */,
				FB7CA115A472EFEB4AE5F400 /* TravelStats.swift in Sources */,
				7AFCA35B4D061936096A444B /* UserPreferences.swift in Sources */,
				1F503556330575BA54804E17 /* ViewItineraryIntent.swift in Sources */,
				A06CF8B124FF5365EF38F9DC /* ViewTodayItineraryIntent.swift in Sources */,
				37F44C6BAF3C43293045DB1F /* VisualEffects.swift in Sources */,
				35D3C5A0DE5C01752CA97D38 /* VoiceCommandParser.swift in Sources */,
				7B2C30583293FF439C0482F1 /* VoiceInputView.swift in Sources */,
				90FE33ECD9BBA14207366887 /* VoiceItineraryView.swift in Sources */,
				ED2AD07792296C1FFF6C2154 /* VoiceMemoManager.swift in Sources */,
				845FE1923863B65F87839946 /* WatchConnectivityManager.swift in Sources */,
				53F7D531C11BA37EF79A85B9 /* WatchData.swift in Sources */,
				BB2278A6A7318A92691BFD14 /* WatchSessionManager.swift in Sources */,
				EE4044789A7CCA17BE0361FB /* Weather.swift in Sources */,
				10D10C3D66DA98B659A7C858 /* WiFi.swift in Sources */,
				9FA77F3DF622AC6C70017221 /* WidgetDataManager.swift in Sources */,
			);
			runOnlyForDeploymentPostprocessing = 0;
		};
		F02B1BA0A9929E514515F01C /* Sources */ = {
			isa = PBXSourcesBuildPhase;
			buildActionMask = 2147483647;
			files = (
				0D4927E0381F632A56180834 /* AccentColorPersistenceTests.swift in Sources */,
				2093E2AA2641EC6999A78046 /* AuthManagerRequestTests.swift in Sources */,
				50F5BE17C918E2D75E09A2B2 /* ChatModelDecodingTests.swift in Sources */,
				663381DC0D26540429E31E86 /* CityEncyclopediaReachabilityTests.swift in Sources */,
				7D752941ACA629DFB9EBA4D6 /* CopyableSourceTests.swift in Sources */,
				10A60D4211B9476E6E418726 /* ExpenseFormModelTests.swift in Sources */,
				57DBF54E6DD5FC533DB54F7C /* ItineraryDetailDestinationsTests.swift in Sources */,
				0091E305A43102A9C4560B57 /* ItineraryStoreCopyTests.swift in Sources */,
				BE13CF092EF8CFAC7A07A084 /* PoiSearchDebounceTests.swift in Sources */,
				2897625ED2D43E3E36770AB9 /* PreferenceSelectionTests.swift in Sources */,
			);
			runOnlyForDeploymentPostprocessing = 0;
		};
/* End PBXSourcesBuildPhase section */

/* Begin PBXTargetDependency section */
		8E3E1BBD763A57E864CBBCB0 /* PBXTargetDependency */ = {
			isa = PBXTargetDependency;
			target = 13225BBD51391F257A6548A1 /* Pathfinding */;
			targetProxy = 6C1CF3F38028E82E65F4AFB6 /* PBXContainerItemProxy */;
		};
		ED26CB9CB76FF1A06AB64F49 /* PBXTargetDependency */ = {
			isa = PBXTargetDependency;
			target = 13225BBD51391F257A6548A1 /* Pathfinding */;
			targetProxy = 218D5323C1AC3FBB8FAA192C /* PBXContainerItemProxy */;
		};
/* End PBXTargetDependency section */

/* Begin PBXVariantGroup section */
		76E58580224B97C6B59FEFE6 /* Localizable.strings */ = {
			isa = PBXVariantGroup;
			children = (
				52A15E5BA19C99B64DB9214B /* en */,
				AA8F92056531BBE51FA7C8E7 /* zh-Hans */,
			);
			name = Localizable.strings;
			sourceTree = "<group>";
		};
/* End PBXVariantGroup section */

/* Begin XCBuildConfiguration section */
		0F2DE1C471F6CD0ECE89452B /* Staging */ = {
			isa = XCBuildConfiguration;
			baseConfigurationReference = C16BFE39788EB31384AB3343 /* Staging.xcconfig */;
			buildSettings = {
				ALWAYS_SEARCH_USER_PATHS = NO;
				CLANG_ANALYZER_NONNULL = YES;
				CLANG_ANALYZER_NUMBER_OBJECT_CONVERSION = YES_AGGRESSIVE;
				CLANG_CXX_LANGUAGE_STANDARD = "gnu++14";
				CLANG_CXX_LIBRARY = "libc++";
				CLANG_ENABLE_MODULES = YES;
				CLANG_ENABLE_OBJC_ARC = YES;
				CLANG_ENABLE_OBJC_WEAK = YES;
				CLANG_WARN_BLOCK_CAPTURE_AUTORELEASING = YES;
				CLANG_WARN_BOOL_CONVERSION = YES;
				CLANG_WARN_COMMA = YES;
				CLANG_WARN_CONSTANT_CONVERSION = YES;
				CLANG_WARN_DEPRECATED_OBJC_IMPLEMENTATIONS = YES;
				CLANG_WARN_DIRECT_OBJC_ISA_USAGE = YES_ERROR;
				CLANG_WARN_DOCUMENTATION_COMMENTS = YES;
				CLANG_WARN_EMPTY_BODY = YES;
				CLANG_WARN_ENUM_CONVERSION = YES;
				CLANG_WARN_INFINITE_RECURSION = YES;
				CLANG_WARN_INT_CONVERSION = YES;
				CLANG_WARN_NON_LITERAL_NULL_CONVERSION = YES;
				CLANG_WARN_OBJC_IMPLICIT_RETAIN_SELF = YES;
				CLANG_WARN_OBJC_LITERAL_CONVERSION = YES;
				CLANG_WARN_OBJC_ROOT_CLASS = YES_ERROR;
				CLANG_WARN_QUOTED_INCLUDE_IN_FRAMEWORK_HEADER = YES;
				CLANG_WARN_RANGE_LOOP_ANALYSIS = YES;
				CLANG_WARN_STRICT_PROTOTYPES = YES;
				CLANG_WARN_SUSPICIOUS_MOVE = YES;
				CLANG_WARN_UNGUARDED_AVAILABILITY = YES_AGGRESSIVE;
				CLANG_WARN_UNREACHABLE_CODE = YES;
				CLANG_WARN__DUPLICATE_METHOD_MATCH = YES;
				COPY_PHASE_STRIP = NO;
				ENABLE_NS_ASSERTIONS = NO;
				ENABLE_STRICT_OBJC_MSGSEND = YES;
				ENABLE_USER_SCRIPT_SANDBOXING = NO;
				GCC_C_LANGUAGE_STANDARD = gnu11;
				GCC_NO_COMMON_BLOCKS = YES;
				GCC_WARN_64_TO_32_BIT_CONVERSION = YES;
				GCC_WARN_ABOUT_RETURN_TYPE = YES_ERROR;
				GCC_WARN_UNDECLARED_SELECTOR = YES;
				GCC_WARN_UNINITIALIZED_AUTOS = YES_AGGRESSIVE;
				GCC_WARN_UNUSED_FUNCTION = YES;
				GCC_WARN_UNUSED_VARIABLE = YES;
				IPHONEOS_DEPLOYMENT_TARGET = 26.0;
				MTL_ENABLE_DEBUG_INFO = NO;
				MTL_FAST_MATH = YES;
				SDKROOT = iphoneos;
				SWIFT_VERSION = 6.0;
			};
			name = Staging;
		};
		508BE93337D987908DA1F6D5 /* Staging */ = {
			isa = XCBuildConfiguration;
			buildSettings = {
				BUNDLE_LOADER = "$(TEST_HOST)";
				GENERATE_INFOPLIST_FILE = YES;
				LD_RUNPATH_SEARCH_PATHS = (
					"$(inherited)",
					"@executable_path/Frameworks",
					"@loader_path/Frameworks",
				);
				PRODUCT_BUNDLE_IDENTIFIER = com.sunpebble.trips.tests;
				PRODUCT_MODULE_NAME = PathfindingTests;
				PRODUCT_NAME = PathfindingTests;
				SDKROOT = iphoneos;
				TEST_HOST = "$(BUILT_PRODUCTS_DIR)/Pathfinding.app/Pathfinding";
			};
			name = Staging;
		};
		87C7493702937B860262AC74 /* Release */ = {
			isa = XCBuildConfiguration;
			baseConfigurationReference = 7CA427F9EA74B72F68294863 /* Release.xcconfig */;
			buildSettings = {
				ALWAYS_SEARCH_USER_PATHS = NO;
				CLANG_ANALYZER_NONNULL = YES;
				CLANG_ANALYZER_NUMBER_OBJECT_CONVERSION = YES_AGGRESSIVE;
				CLANG_CXX_LANGUAGE_STANDARD = "gnu++14";
				CLANG_CXX_LIBRARY = "libc++";
				CLANG_ENABLE_MODULES = YES;
				CLANG_ENABLE_OBJC_ARC = YES;
				CLANG_ENABLE_OBJC_WEAK = YES;
				CLANG_WARN_BLOCK_CAPTURE_AUTORELEASING = YES;
				CLANG_WARN_BOOL_CONVERSION = YES;
				CLANG_WARN_COMMA = YES;
				CLANG_WARN_CONSTANT_CONVERSION = YES;
				CLANG_WARN_DEPRECATED_OBJC_IMPLEMENTATIONS = YES;
				CLANG_WARN_DIRECT_OBJC_ISA_USAGE = YES_ERROR;
				CLANG_WARN_DOCUMENTATION_COMMENTS = YES;
				CLANG_WARN_EMPTY_BODY = YES;
				CLANG_WARN_ENUM_CONVERSION = YES;
				CLANG_WARN_INFINITE_RECURSION = YES;
				CLANG_WARN_INT_CONVERSION = YES;
				CLANG_WARN_NON_LITERAL_NULL_CONVERSION = YES;
				CLANG_WARN_OBJC_IMPLICIT_RETAIN_SELF = YES;
				CLANG_WARN_OBJC_LITERAL_CONVERSION = YES;
				CLANG_WARN_OBJC_ROOT_CLASS = YES_ERROR;
				CLANG_WARN_QUOTED_INCLUDE_IN_FRAMEWORK_HEADER = YES;
				CLANG_WARN_RANGE_LOOP_ANALYSIS = YES;
				CLANG_WARN_STRICT_PROTOTYPES = YES;
				CLANG_WARN_SUSPICIOUS_MOVE = YES;
				CLANG_WARN_UNGUARDED_AVAILABILITY = YES_AGGRESSIVE;
				CLANG_WARN_UNREACHABLE_CODE = YES;
				CLANG_WARN__DUPLICATE_METHOD_MATCH = YES;
				ENABLE_NS_ASSERTIONS = NO;
				ENABLE_STRICT_OBJC_MSGSEND = YES;
				ENABLE_USER_SCRIPT_SANDBOXING = NO;
				GCC_C_LANGUAGE_STANDARD = gnu11;
				GCC_NO_COMMON_BLOCKS = YES;
				GCC_WARN_64_TO_32_BIT_CONVERSION = YES;
				GCC_WARN_ABOUT_RETURN_TYPE = YES_ERROR;
				GCC_WARN_UNDECLARED_SELECTOR = YES;
				GCC_WARN_UNINITIALIZED_AUTOS = YES_AGGRESSIVE;
				GCC_WARN_UNUSED_FUNCTION = YES;
				GCC_WARN_UNUSED_VARIABLE = YES;
				IPHONEOS_DEPLOYMENT_TARGET = 26.0;
				MTL_ENABLE_DEBUG_INFO = NO;
				MTL_FAST_MATH = YES;
				SDKROOT = iphoneos;
				SWIFT_VERSION = 6.0;
			};
			name = Release;
		};
		93CAA1BB28E352C0B8C1B66A /* Release */ = {
			isa = XCBuildConfiguration;
			buildSettings = {
				BUNDLE_LOADER = "$(TEST_HOST)";
				GENERATE_INFOPLIST_FILE = YES;
				LD_RUNPATH_SEARCH_PATHS = (
					"$(inherited)",
					"@executable_path/Frameworks",
					"@loader_path/Frameworks",
				);
				PRODUCT_BUNDLE_IDENTIFIER = com.sunpebble.trips.uitests;
				PRODUCT_MODULE_NAME = PathfindingUITests;
				PRODUCT_NAME = PathfindingUITests;
				SDKROOT = iphoneos;
				TEST_TARGET_NAME = Pathfinding;
			};
			name = Release;
		};
		94F06A56AEFFC893003253F7 /* Release */ = {
			isa = XCBuildConfiguration;
			buildSettings = {
				BUNDLE_LOADER = "$(TEST_HOST)";
				GENERATE_INFOPLIST_FILE = YES;
				LD_RUNPATH_SEARCH_PATHS = (
					"$(inherited)",
					"@executable_path/Frameworks",
					"@loader_path/Frameworks",
				);
				PRODUCT_BUNDLE_IDENTIFIER = com.sunpebble.trips.tests;
				PRODUCT_MODULE_NAME = PathfindingTests;
				PRODUCT_NAME = PathfindingTests;
				SDKROOT = iphoneos;
				TEST_HOST = "$(BUILT_PRODUCTS_DIR)/Pathfinding.app/Pathfinding";
			};
			name = Release;
		};
		A5A2FCB28F8484A486CD9754 /* Release */ = {
			isa = XCBuildConfiguration;
			baseConfigurationReference = 7CA427F9EA74B72F68294863 /* Release.xcconfig */;
			buildSettings = {
				ASSETCATALOG_COMPILER_APPICON_NAME = AppIcon;
				CODE_SIGN_ENTITLEMENTS = Pathfinding/Pathfinding.entitlements;
				CODE_SIGN_IDENTITY = "iPhone Developer";
				CODE_SIGN_STYLE = Automatic;
				CURRENT_PROJECT_VERSION = 1;
				DEVELOPMENT_TEAM = 62HCT6Q83X;
				INFOPLIST_FILE = Pathfinding/Info.plist;
				INFOPLIST_KEY_CFBundleDisplayName = "Sunpebble Trips";
				LD_RUNPATH_SEARCH_PATHS = (
					"$(inherited)",
					"@executable_path/Frameworks",
				);
				MARKETING_VERSION = 1.0.0;
				PRODUCT_BUNDLE_IDENTIFIER = "com.sunpebble.trips$(BUNDLE_ID_SUFFIX)";
				SDKROOT = iphoneos;
			};
			name = Release;
		};
		C11A4750B2F1828AE35573F0 /* Debug */ = {
			isa = XCBuildConfiguration;
			baseConfigurationReference = 9A0E9A7880FE046607D110DB /* Debug.xcconfig */;
			buildSettings = {
				ALWAYS_SEARCH_USER_PATHS = NO;
				CLANG_ANALYZER_NONNULL = YES;
				CLANG_ANALYZER_NUMBER_OBJECT_CONVERSION = YES_AGGRESSIVE;
				CLANG_CXX_LANGUAGE_STANDARD = "gnu++14";
				CLANG_CXX_LIBRARY = "libc++";
				CLANG_ENABLE_MODULES = YES;
				CLANG_ENABLE_OBJC_ARC = YES;
				CLANG_ENABLE_OBJC_WEAK = YES;
				CLANG_WARN_BLOCK_CAPTURE_AUTORELEASING = YES;
				CLANG_WARN_BOOL_CONVERSION = YES;
				CLANG_WARN_COMMA = YES;
				CLANG_WARN_CONSTANT_CONVERSION = YES;
				CLANG_WARN_DEPRECATED_OBJC_IMPLEMENTATIONS = YES;
				CLANG_WARN_DIRECT_OBJC_ISA_USAGE = YES_ERROR;
				CLANG_WARN_DOCUMENTATION_COMMENTS = YES;
				CLANG_WARN_EMPTY_BODY = YES;
				CLANG_WARN_ENUM_CONVERSION = YES;
				CLANG_WARN_INFINITE_RECURSION = YES;
				CLANG_WARN_INT_CONVERSION = YES;
				CLANG_WARN_NON_LITERAL_NULL_CONVERSION = YES;
				CLANG_WARN_OBJC_IMPLICIT_RETAIN_SELF = YES;
				CLANG_WARN_OBJC_LITERAL_CONVERSION = YES;
				CLANG_WARN_OBJC_ROOT_CLASS = YES_ERROR;
				CLANG_WARN_QUOTED_INCLUDE_IN_FRAMEWORK_HEADER = YES;
				CLANG_WARN_RANGE_LOOP_ANALYSIS = YES;
				CLANG_WARN_STRICT_PROTOTYPES = YES;
				CLANG_WARN_SUSPICIOUS_MOVE = YES;
				CLANG_WARN_UNGUARDED_AVAILABILITY = YES_AGGRESSIVE;
				CLANG_WARN_UNREACHABLE_CODE = YES;
				CLANG_WARN__DUPLICATE_METHOD_MATCH = YES;
				COPY_PHASE_STRIP = NO;
				ENABLE_STRICT_OBJC_MSGSEND = YES;
				ENABLE_TESTABILITY = YES;
				ENABLE_USER_SCRIPT_SANDBOXING = NO;
				GCC_C_LANGUAGE_STANDARD = gnu11;
				GCC_DYNAMIC_NO_PIC = NO;
				GCC_NO_COMMON_BLOCKS = YES;
				GCC_PREPROCESSOR_DEFINITIONS = (
					"$(inherited)",
					"DEBUG=1",
				);
				GCC_WARN_64_TO_32_BIT_CONVERSION = YES;
				GCC_WARN_ABOUT_RETURN_TYPE = YES_ERROR;
				GCC_WARN_UNDECLARED_SELECTOR = YES;
				GCC_WARN_UNINITIALIZED_AUTOS = YES_AGGRESSIVE;
				GCC_WARN_UNUSED_FUNCTION = YES;
				GCC_WARN_UNUSED_VARIABLE = YES;
				IPHONEOS_DEPLOYMENT_TARGET = 26.0;
				MTL_ENABLE_DEBUG_INFO = INCLUDE_SOURCE;
				MTL_FAST_MATH = YES;
				ONLY_ACTIVE_ARCH = YES;
				SDKROOT = iphoneos;
				SWIFT_VERSION = 6.0;
			};
			name = Debug;
		};
		C76FC48FCBD8037C48A5F457 /* Debug */ = {
			isa = XCBuildConfiguration;
			buildSettings = {
				BUNDLE_LOADER = "$(TEST_HOST)";
				GENERATE_INFOPLIST_FILE = YES;
				LD_RUNPATH_SEARCH_PATHS = (
					"$(inherited)",
					"@executable_path/Frameworks",
					"@loader_path/Frameworks",
				);
				PRODUCT_BUNDLE_IDENTIFIER = com.sunpebble.trips.uitests;
				PRODUCT_MODULE_NAME = PathfindingUITests;
				PRODUCT_NAME = PathfindingUITests;
				SDKROOT = iphoneos;
				TEST_TARGET_NAME = Pathfinding;
			};
			name = Debug;
		};
		C8DBFE170DC166770AA44339 /* Staging */ = {
			isa = XCBuildConfiguration;
			baseConfigurationReference = C16BFE39788EB31384AB3343 /* Staging.xcconfig */;
			buildSettings = {
				ASSETCATALOG_COMPILER_APPICON_NAME = AppIcon;
				CODE_SIGN_ENTITLEMENTS = Pathfinding/Pathfinding.entitlements;
				CODE_SIGN_IDENTITY = "iPhone Developer";
				CODE_SIGN_STYLE = Automatic;
				CURRENT_PROJECT_VERSION = 1;
				DEVELOPMENT_TEAM = 62HCT6Q83X;
				INFOPLIST_FILE = Pathfinding/Info.plist;
				INFOPLIST_KEY_CFBundleDisplayName = "Sunpebble Trips";
				LD_RUNPATH_SEARCH_PATHS = (
					"$(inherited)",
					"@executable_path/Frameworks",
				);
				MARKETING_VERSION = 1.0.0;
				PRODUCT_BUNDLE_IDENTIFIER = "com.sunpebble.trips$(BUNDLE_ID_SUFFIX)";
				SDKROOT = iphoneos;
			};
			name = Staging;
		};
		F42F1A8552CFA25EF5A97582 /* Debug */ = {
			isa = XCBuildConfiguration;
			buildSettings = {
				BUNDLE_LOADER = "$(TEST_HOST)";
				GENERATE_INFOPLIST_FILE = YES;
				LD_RUNPATH_SEARCH_PATHS = (
					"$(inherited)",
					"@executable_path/Frameworks",
					"@loader_path/Frameworks",
				);
				PRODUCT_BUNDLE_IDENTIFIER = com.sunpebble.trips.tests;
				PRODUCT_MODULE_NAME = PathfindingTests;
				PRODUCT_NAME = PathfindingTests;
				SDKROOT = iphoneos;
				TEST_HOST = "$(BUILT_PRODUCTS_DIR)/Pathfinding.app/Pathfinding";
			};
			name = Debug;
		};
		F8EBD2D7DFC83DAE988ACFD3 /* Staging */ = {
			isa = XCBuildConfiguration;
			buildSettings = {
				BUNDLE_LOADER = "$(TEST_HOST)";
				GENERATE_INFOPLIST_FILE = YES;
				LD_RUNPATH_SEARCH_PATHS = (
					"$(inherited)",
					"@executable_path/Frameworks",
					"@loader_path/Frameworks",
				);
				PRODUCT_BUNDLE_IDENTIFIER = com.sunpebble.trips.uitests;
				PRODUCT_MODULE_NAME = PathfindingUITests;
				PRODUCT_NAME = PathfindingUITests;
				SDKROOT = iphoneos;
				TEST_TARGET_NAME = Pathfinding;
			};
			name = Staging;
		};
		FAD3A3F8AF8CCFF1111229C5 /* Debug */ = {
			isa = XCBuildConfiguration;
			baseConfigurationReference = 9A0E9A7880FE046607D110DB /* Debug.xcconfig */;
			buildSettings = {
				ASSETCATALOG_COMPILER_APPICON_NAME = AppIcon;
				CODE_SIGN_ENTITLEMENTS = Pathfinding/Pathfinding.entitlements;
				CODE_SIGN_IDENTITY = "iPhone Developer";
				CODE_SIGN_STYLE = Automatic;
				CURRENT_PROJECT_VERSION = 1;
				DEVELOPMENT_TEAM = 62HCT6Q83X;
				INFOPLIST_FILE = Pathfinding/Info.plist;
				INFOPLIST_KEY_CFBundleDisplayName = "Sunpebble Trips";
				LD_RUNPATH_SEARCH_PATHS = (
					"$(inherited)",
					"@executable_path/Frameworks",
				);
				MARKETING_VERSION = 1.0.0;
				PRODUCT_BUNDLE_IDENTIFIER = "com.sunpebble.trips$(BUNDLE_ID_SUFFIX)";
				SDKROOT = iphoneos;
			};
			name = Debug;
		};
/* End XCBuildConfiguration section */

/* Begin XCConfigurationList section */
		8161AB687E173A2691BE616E /* Build configuration list for PBXNativeTarget "PathfindingUITests" */ = {
			isa = XCConfigurationList;
			buildConfigurations = (
				C76FC48FCBD8037C48A5F457 /* Debug */,
				93CAA1BB28E352C0B8C1B66A /* Release */,
				F8EBD2D7DFC83DAE988ACFD3 /* Staging */,
			);
			defaultConfigurationIsVisible = 0;
			defaultConfigurationName = Debug;
		};
		86142D8525665EE72BC83369 /* Build configuration list for PBXProject "Pathfinding" */ = {
			isa = XCConfigurationList;
			buildConfigurations = (
				C11A4750B2F1828AE35573F0 /* Debug */,
				87C7493702937B860262AC74 /* Release */,
				0F2DE1C471F6CD0ECE89452B /* Staging */,
			);
			defaultConfigurationIsVisible = 0;
			defaultConfigurationName = Debug;
		};
		A6604F211371FBC42FD08B43 /* Build configuration list for PBXNativeTarget "Pathfinding" */ = {
			isa = XCConfigurationList;
			buildConfigurations = (
				FAD3A3F8AF8CCFF1111229C5 /* Debug */,
				A5A2FCB28F8484A486CD9754 /* Release */,
				C8DBFE170DC166770AA44339 /* Staging */,
			);
			defaultConfigurationIsVisible = 0;
			defaultConfigurationName = Debug;
		};
		ECA7E872E12FF8A2F1FBE62F /* Build configuration list for PBXNativeTarget "PathfindingTests" */ = {
			isa = XCConfigurationList;
			buildConfigurations = (
				F42F1A8552CFA25EF5A97582 /* Debug */,
				94F06A56AEFFC893003253F7 /* Release */,
				508BE93337D987908DA1F6D5 /* Staging */,
			);
			defaultConfigurationIsVisible = 0;
			defaultConfigurationName = Debug;
		};
/* End XCConfigurationList section */
	};
	rootObject = AF87F1ACA3F795ED61537E7A /* Project object */;
}
