// !$*UTF8*$!
{
	archiveVersion = 1;
	classes = {
	};
	objectVersion = 77;
	objects = {

/* Begin PBXBuildFile section */
		0F49EF390FE6C9E3DF50FDC7 /* Assets.xcassets in Resources */ = {isa = PBXBuildFile; fileRef = 45483963DF5BAECD964E3082 /* Assets.xcassets */; };
		10DB0E210CFD7FF7F7338DCC /* APIClient.swift in Sources */ = {isa = PBXBuildFile; fileRef = 91A2F8827930C01D116AC63C /* APIClient.swift */; };
		2EEFA6DC97FA3BA8D65E7D32 /* BlogDetailView.swift in Sources */ = {isa = PBXBuildFile; fileRef = 59416B95E7D9420581D210BD /* BlogDetailView.swift */; };
		33B39CA42A3F37F33254E162 /* ProfileView.swift in Sources */ = {isa = PBXBuildFile; fileRef = 1155EC587C26AD4399113BBA /* ProfileView.swift */; };
		38610C8194871525123CE555 /* PathfindingApp.swift in Sources */ = {isa = PBXBuildFile; fileRef = F473F942F97F461ADCC99AEF /* PathfindingApp.swift */; };
		50CD2CD3D8EDF0D4C363E9FB /* HomeView.swift in Sources */ = {isa = PBXBuildFile; fileRef = A37FE9B868035096F5A506BD /* HomeView.swift */; };
		5736AA41900755D0B1647BD6 /* AppConfig.swift in Sources */ = {isa = PBXBuildFile; fileRef = D07D06AEEC92366CD1FCD629 /* AppConfig.swift */; };
		7DE5801796C9CF15D7F67964 /* CachedAsyncImage.swift in Sources */ = {isa = PBXBuildFile; fileRef = 3BEAE92A75B627957C151DF3 /* CachedAsyncImage.swift */; };
		9A042CFA39774EA61384518A /* ItineraryListView.swift in Sources */ = {isa = PBXBuildFile; fileRef = C80C869DF30828354D994AE2 /* ItineraryListView.swift */; };
		9FF850D8A3E420F6515455E6 /* GuideStore.swift in Sources */ = {isa = PBXBuildFile; fileRef = 03EB7C5914880CEB79C806F6 /* GuideStore.swift */; };
		A30DC01FB58E30F46FF19D16 /* DesignSystem.swift in Sources */ = {isa = PBXBuildFile; fileRef = B0C9F6EF3A35C1A7727763F9 /* DesignSystem.swift */; };
		ACF80467617E6570777A3DCB /* ContentView.swift in Sources */ = {isa = PBXBuildFile; fileRef = 7DC0E5D5CF44CA5A88716D7C /* ContentView.swift */; };
		BA21945B9CBB178E0CD589D9 /* ImportedItineraryView.swift in Sources */ = {isa = PBXBuildFile; fileRef = F864256C336A90E01DFF561F /* ImportedItineraryView.swift */; };
		C355AB11BCD166D1B03F8692 /* BlogListView.swift in Sources */ = {isa = PBXBuildFile; fileRef = F1B1DC8C0323700E48372AFE /* BlogListView.swift */; };
		DD6488A271910ABDE48DA72A /* BlogPost.swift in Sources */ = {isa = PBXBuildFile; fileRef = FEADDF8D8F827D98224C5319 /* BlogPost.swift */; };
		E00CA295BE96C068E1780624 /* ImageViewer.swift in Sources */ = {isa = PBXBuildFile; fileRef = 89EF909360AF167C0F072F27 /* ImageViewer.swift */; };
		F0B34056545022E06CC35E8E /* ShimmerView.swift in Sources */ = {isa = PBXBuildFile; fileRef = F96D49F693CB4FF5F429D4B5 /* ShimmerView.swift */; };
/* End PBXBuildFile section */

/* Begin PBXFileReference section */
		03EB7C5914880CEB79C806F6 /* GuideStore.swift */ = {isa = PBXFileReference; lastKnownFileType = sourcecode.swift; path = GuideStore.swift; sourceTree = "<group>"; };
		1155EC587C26AD4399113BBA /* ProfileView.swift */ = {isa = PBXFileReference; lastKnownFileType = sourcecode.swift; path = ProfileView.swift; sourceTree = "<group>"; };
		239CCBBB27B2B3BE204BDA74 /* Info.plist */ = {isa = PBXFileReference; lastKnownFileType = text.plist; path = Info.plist; sourceTree = "<group>"; };
		3BEAE92A75B627957C151DF3 /* CachedAsyncImage.swift */ = {isa = PBXFileReference; lastKnownFileType = sourcecode.swift; path = CachedAsyncImage.swift; sourceTree = "<group>"; };
		45483963DF5BAECD964E3082 /* Assets.xcassets */ = {isa = PBXFileReference; lastKnownFileType = folder.assetcatalog; path = Assets.xcassets; sourceTree = "<group>"; };
		59416B95E7D9420581D210BD /* BlogDetailView.swift */ = {isa = PBXFileReference; lastKnownFileType = sourcecode.swift; path = BlogDetailView.swift; sourceTree = "<group>"; };
		7DC0E5D5CF44CA5A88716D7C /* ContentView.swift */ = {isa = PBXFileReference; lastKnownFileType = sourcecode.swift; path = ContentView.swift; sourceTree = "<group>"; };
		89EF909360AF167C0F072F27 /* ImageViewer.swift */ = {isa = PBXFileReference; lastKnownFileType = sourcecode.swift; path = ImageViewer.swift; sourceTree = "<group>"; };
		91A2F8827930C01D116AC63C /* APIClient.swift */ = {isa = PBXFileReference; lastKnownFileType = sourcecode.swift; path = APIClient.swift; sourceTree = "<group>"; };
		9B90394763C3B516ED821E46 /* Pathfinding.app */ = {isa = PBXFileReference; includeInIndex = 0; lastKnownFileType = wrapper.application; path = Pathfinding.app; sourceTree = BUILT_PRODUCTS_DIR; };
		A37FE9B868035096F5A506BD /* HomeView.swift */ = {isa = PBXFileReference; lastKnownFileType = sourcecode.swift; path = HomeView.swift; sourceTree = "<group>"; };
		B0C9F6EF3A35C1A7727763F9 /* DesignSystem.swift */ = {isa = PBXFileReference; lastKnownFileType = sourcecode.swift; path = DesignSystem.swift; sourceTree = "<group>"; };
		C80C869DF30828354D994AE2 /* ItineraryListView.swift */ = {isa = PBXFileReference; lastKnownFileType = sourcecode.swift; path = ItineraryListView.swift; sourceTree = "<group>"; };
		D07D06AEEC92366CD1FCD629 /* AppConfig.swift */ = {isa = PBXFileReference; lastKnownFileType = sourcecode.swift; path = AppConfig.swift; sourceTree = "<group>"; };
		F1B1DC8C0323700E48372AFE /* BlogListView.swift */ = {isa = PBXFileReference; lastKnownFileType = sourcecode.swift; path = BlogListView.swift; sourceTree = "<group>"; };
		F473F942F97F461ADCC99AEF /* PathfindingApp.swift */ = {isa = PBXFileReference; lastKnownFileType = sourcecode.swift; path = PathfindingApp.swift; sourceTree = "<group>"; };
		F864256C336A90E01DFF561F /* ImportedItineraryView.swift */ = {isa = PBXFileReference; lastKnownFileType = sourcecode.swift; path = ImportedItineraryView.swift; sourceTree = "<group>"; };
		F96D49F693CB4FF5F429D4B5 /* ShimmerView.swift */ = {isa = PBXFileReference; lastKnownFileType = sourcecode.swift; path = ShimmerView.swift; sourceTree = "<group>"; };
		FEADDF8D8F827D98224C5319 /* BlogPost.swift */ = {isa = PBXFileReference; lastKnownFileType = sourcecode.swift; path = BlogPost.swift; sourceTree = "<group>"; };
/* End PBXFileReference section */

/* Begin PBXGroup section */
		5EEF43E9CF103B6A18560BC9 /* Features */ = {
			isa = PBXGroup;
			children = (
				59416B95E7D9420581D210BD /* BlogDetailView.swift */,
				F1B1DC8C0323700E48372AFE /* BlogListView.swift */,
				A37FE9B868035096F5A506BD /* HomeView.swift */,
				F864256C336A90E01DFF561F /* ImportedItineraryView.swift */,
				C80C869DF30828354D994AE2 /* ItineraryListView.swift */,
				1155EC587C26AD4399113BBA /* ProfileView.swift */,
			);
			path = Features;
			sourceTree = "<group>";
		};
		96B92A66F6922764312D6385 /* Core */ = {
			isa = PBXGroup;
			children = (
				91A2F8827930C01D116AC63C /* APIClient.swift */,
				D07D06AEEC92366CD1FCD629 /* AppConfig.swift */,
				03EB7C5914880CEB79C806F6 /* GuideStore.swift */,
			);
			path = Core;
			sourceTree = "<group>";
		};
		C12A8A3188D28BAF169B2401 /* Models */ = {
			isa = PBXGroup;
			children = (
				FEADDF8D8F827D98224C5319 /* BlogPost.swift */,
			);
			path = Models;
			sourceTree = "<group>";
		};
		D7493A283B966BF13B12C2FD = {
			isa = PBXGroup;
			children = (
				DFE6579E142C75920F06A18A /* Pathfinding */,
				DE3C343C3825CDC8D26648F7 /* Products */,
			);
			sourceTree = "<group>";
		};
		DE3C343C3825CDC8D26648F7 /* Products */ = {
			isa = PBXGroup;
			children = (
				9B90394763C3B516ED821E46 /* Pathfinding.app */,
			);
			name = Products;
			sourceTree = "<group>";
		};
		DFE6579E142C75920F06A18A /* Pathfinding */ = {
			isa = PBXGroup;
			children = (
				45483963DF5BAECD964E3082 /* Assets.xcassets */,
				7DC0E5D5CF44CA5A88716D7C /* ContentView.swift */,
				239CCBBB27B2B3BE204BDA74 /* Info.plist */,
				F473F942F97F461ADCC99AEF /* PathfindingApp.swift */,
				F68C00E7557B682DC42C738C /* Components */,
				96B92A66F6922764312D6385 /* Core */,
				5EEF43E9CF103B6A18560BC9 /* Features */,
				C12A8A3188D28BAF169B2401 /* Models */,
			);
			path = Pathfinding;
			sourceTree = "<group>";
		};
		F68C00E7557B682DC42C738C /* Components */ = {
			isa = PBXGroup;
			children = (
				3BEAE92A75B627957C151DF3 /* CachedAsyncImage.swift */,
				B0C9F6EF3A35C1A7727763F9 /* DesignSystem.swift */,
				89EF909360AF167C0F072F27 /* ImageViewer.swift */,
				F96D49F693CB4FF5F429D4B5 /* ShimmerView.swift */,
			);
			path = Components;
			sourceTree = "<group>";
		};
/* End PBXGroup section */

/* Begin PBXNativeTarget section */
		13225BBD51391F257A6548A1 /* Pathfinding */ = {
			isa = PBXNativeTarget;
			buildConfigurationList = A6604F211371FBC42FD08B43 /* Build configuration list for PBXNativeTarget "Pathfinding" */;
			buildPhases = (
				C215F8CC7B94F5FE9FC04FA9 /* Sources */,
				6AD92BBB3151BFE46071A48B /* Resources */,
			);
			buildRules = (
			);
			dependencies = (
			);
			name = Pathfinding;
			packageProductDependencies = (
			);
			productName = Pathfinding;
			productReference = 9B90394763C3B516ED821E46 /* Pathfinding.app */;
			productType = "com.apple.product-type.application";
		};
/* End PBXNativeTarget section */

/* Begin PBXProject section */
		AF87F1ACA3F795ED61537E7A /* Project object */ = {
			isa = PBXProject;
			attributes = {
				BuildIndependentTargetsInParallel = YES;
				LastUpgradeCheck = 1600;
				TargetAttributes = {
					13225BBD51391F257A6548A1 = {
						DevelopmentTeam = "";
						ProvisioningStyle = Automatic;
					};
				};
			};
			buildConfigurationList = 86142D8525665EE72BC83369 /* Build configuration list for PBXProject "Pathfinding" */;
			compatibilityVersion = "Xcode 14.0";
			developmentRegion = en;
			hasScannedForEncodings = 0;
			knownRegions = (
				Base,
				en,
			);
			mainGroup = D7493A283B966BF13B12C2FD;
			minimizedProjectReferenceProxies = 1;
			preferredProjectObjectVersion = 77;
			projectDirPath = "";
			projectRoot = "";
			targets = (
				13225BBD51391F257A6548A1 /* Pathfinding */,
			);
		};
/* End PBXProject section */

/* Begin PBXResourcesBuildPhase section */
		6AD92BBB3151BFE46071A48B /* Resources */ = {
			isa = PBXResourcesBuildPhase;
			buildActionMask = 2147483647;
			files = (
				0F49EF390FE6C9E3DF50FDC7 /* Assets.xcassets in Resources */,
			);
			runOnlyForDeploymentPostprocessing = 0;
		};
/* End PBXResourcesBuildPhase section */

/* Begin PBXSourcesBuildPhase section */
		C215F8CC7B94F5FE9FC04FA9 /* Sources */ = {
			isa = PBXSourcesBuildPhase;
			buildActionMask = 2147483647;
			files = (
				10DB0E210CFD7FF7F7338DCC /* APIClient.swift in Sources */,
				5736AA41900755D0B1647BD6 /* AppConfig.swift in Sources */,
				2EEFA6DC97FA3BA8D65E7D32 /* BlogDetailView.swift in Sources */,
				C355AB11BCD166D1B03F8692 /* BlogListView.swift in Sources */,
				DD6488A271910ABDE48DA72A /* BlogPost.swift in Sources */,
				7DE5801796C9CF15D7F67964 /* CachedAsyncImage.swift in Sources */,
				ACF80467617E6570777A3DCB /* ContentView.swift in Sources */,
				A30DC01FB58E30F46FF19D16 /* DesignSystem.swift in Sources */,
				9FF850D8A3E420F6515455E6 /* GuideStore.swift in Sources */,
				50CD2CD3D8EDF0D4C363E9FB /* HomeView.swift in Sources */,
				E00CA295BE96C068E1780624 /* ImageViewer.swift in Sources */,
				BA21945B9CBB178E0CD589D9 /* ImportedItineraryView.swift in Sources */,
				9A042CFA39774EA61384518A /* ItineraryListView.swift in Sources */,
				38610C8194871525123CE555 /* PathfindingApp.swift in Sources */,
				33B39CA42A3F37F33254E162 /* ProfileView.swift in Sources */,
				F0B34056545022E06CC35E8E /* ShimmerView.swift in Sources */,
			);
			runOnlyForDeploymentPostprocessing = 0;
		};
/* End PBXSourcesBuildPhase section */

/* Begin XCBuildConfiguration section */
		87C7493702937B860262AC74 /* Release */ = {
			isa = XCBuildConfiguration;
			buildSettings = {
				ALWAYS_SEARCH_USER_PATHS = NO;
				CLANG_ANALYZER_NONNULL = YES;
				CLANG_ANALYZER_NUMBER_OBJECT_CONVERSION = YES_AGGRESSIVE;
				CLANG_CXX_LANGUAGE_STANDARD = "gnu++14";
				CLANG_CXX_LIBRARY = "libc++";
				CLANG_ENABLE_MODULES = YES;
				CLANG_ENABLE_OBJC_ARC = YES;
				CLANG_ENABLE_OBJC_WEAK = YES;
				CLANG_WARN_BLOCK_CAPTURE_AUTORELEASING = YES;
				CLANG_WARN_BOOL_CONVERSION = YES;
				CLANG_WARN_COMMA = YES;
				CLANG_WARN_CONSTANT_CONVERSION = YES;
				CLANG_WARN_DEPRECATED_OBJC_IMPLEMENTATIONS = YES;
				CLANG_WARN_DIRECT_OBJC_ISA_USAGE = YES_ERROR;
				CLANG_WARN_DOCUMENTATION_COMMENTS = YES;
				CLANG_WARN_EMPTY_BODY = YES;
				CLANG_WARN_ENUM_CONVERSION = YES;
				CLANG_WARN_INFINITE_RECURSION = YES;
				CLANG_WARN_INT_CONVERSION = YES;
				CLANG_WARN_NON_LITERAL_NULL_CONVERSION = YES;
				CLANG_WARN_OBJC_IMPLICIT_RETAIN_SELF = YES;
				CLANG_WARN_OBJC_LITERAL_CONVERSION = YES;
				CLANG_WARN_OBJC_ROOT_CLASS = YES_ERROR;
				CLANG_WARN_QUOTED_INCLUDE_IN_FRAMEWORK_HEADER = YES;
				CLANG_WARN_RANGE_LOOP_ANALYSIS = YES;
				CLANG_WARN_STRICT_PROTOTYPES = YES;
				CLANG_WARN_SUSPICIOUS_MOVE = YES;
				CLANG_WARN_UNGUARDED_AVAILABILITY = YES_AGGRESSIVE;
				CLANG_WARN_UNREACHABLE_CODE = YES;
				CLANG_WARN__DUPLICATE_METHOD_MATCH = YES;
				COPY_PHASE_STRIP = NO;
				DEBUG_INFORMATION_FORMAT = "dwarf-with-dsym";
				ENABLE_NS_ASSERTIONS = NO;
				ENABLE_STRICT_OBJC_MSGSEND = YES;
				ENABLE_USER_SCRIPT_SANDBOXING = NO;
				GCC_C_LANGUAGE_STANDARD = gnu11;
				GCC_NO_COMMON_BLOCKS = YES;
				GCC_WARN_64_TO_32_BIT_CONVERSION = YES;
				GCC_WARN_ABOUT_RETURN_TYPE = YES_ERROR;
				GCC_WARN_UNDECLARED_SELECTOR = YES;
				GCC_WARN_UNINITIALIZED_AUTOS = YES_AGGRESSIVE;
				GCC_WARN_UNUSED_FUNCTION = YES;
				GCC_WARN_UNUSED_VARIABLE = YES;
				IPHONEOS_DEPLOYMENT_TARGET = 17.0;
				MTL_ENABLE_DEBUG_INFO = NO;
				MTL_FAST_MATH = YES;
				PRODUCT_NAME = "$(TARGET_NAME)";
				SDKROOT = iphoneos;
				SWIFT_COMPILATION_MODE = wholemodule;
				SWIFT_OPTIMIZATION_LEVEL = "-O";
				SWIFT_VERSION = 6.0;
			};
			name = Release;
		};
		A5A2FCB28F8484A486CD9754 /* Release */ = {
			isa = XCBuildConfiguration;
			buildSettings = {
				ASSETCATALOG_COMPILER_APPICON_NAME = AppIcon;
				CODE_SIGN_IDENTITY = "iPhone Developer";
				CODE_SIGN_STYLE = Automatic;
				CURRENT_PROJECT_VERSION = 1;
				DEVELOPMENT_TEAM = "";
				INFOPLIST_FILE = Pathfinding/Info.plist;
				LD_RUNPATH_SEARCH_PATHS = (
					"$(inherited)",
					"@executable_path/Frameworks",
				);
				MARKETING_VERSION = 1.0.0;
				PRODUCT_BUNDLE_IDENTIFIER = org.pathfinding.app;
				SDKROOT = iphoneos;
				TARGETED_DEVICE_FAMILY = "1,2";
			};
			name = Release;
		};
		C11A4750B2F1828AE35573F0 /* Debug */ = {
			isa = XCBuildConfiguration;
			buildSettings = {
				ALWAYS_SEARCH_USER_PATHS = NO;
				CLANG_ANALYZER_NONNULL = YES;
				CLANG_ANALYZER_NUMBER_OBJECT_CONVERSION = YES_AGGRESSIVE;
				CLANG_CXX_LANGUAGE_STANDARD = "gnu++14";
				CLANG_CXX_LIBRARY = "libc++";
				CLANG_ENABLE_MODULES = YES;
				CLANG_ENABLE_OBJC_ARC = YES;
				CLANG_ENABLE_OBJC_WEAK = YES;
				CLANG_WARN_BLOCK_CAPTURE_AUTORELEASING = YES;
				CLANG_WARN_BOOL_CONVERSION = YES;
				CLANG_WARN_COMMA = YES;
				CLANG_WARN_CONSTANT_CONVERSION = YES;
				CLANG_WARN_DEPRECATED_OBJC_IMPLEMENTATIONS = YES;
				CLANG_WARN_DIRECT_OBJC_ISA_USAGE = YES_ERROR;
				CLANG_WARN_DOCUMENTATION_COMMENTS = YES;
				CLANG_WARN_EMPTY_BODY = YES;
				CLANG_WARN_ENUM_CONVERSION = YES;
				CLANG_WARN_INFINITE_RECURSION = YES;
				CLANG_WARN_INT_CONVERSION = YES;
				CLANG_WARN_NON_LITERAL_NULL_CONVERSION = YES;
				CLANG_WARN_OBJC_IMPLICIT_RETAIN_SELF = YES;
				CLANG_WARN_OBJC_LITERAL_CONVERSION = YES;
				CLANG_WARN_OBJC_ROOT_CLASS = YES_ERROR;
				CLANG_WARN_QUOTED_INCLUDE_IN_FRAMEWORK_HEADER = YES;
				CLANG_WARN_RANGE_LOOP_ANALYSIS = YES;
				CLANG_WARN_STRICT_PROTOTYPES = YES;
				CLANG_WARN_SUSPICIOUS_MOVE = YES;
				CLANG_WARN_UNGUARDED_AVAILABILITY = YES_AGGRESSIVE;
				CLANG_WARN_UNREACHABLE_CODE = YES;
				CLANG_WARN__DUPLICATE_METHOD_MATCH = YES;
				COPY_PHASE_STRIP = NO;
				DEBUG_INFORMATION_FORMAT = dwarf;
				ENABLE_STRICT_OBJC_MSGSEND = YES;
				ENABLE_TESTABILITY = YES;
				ENABLE_USER_SCRIPT_SANDBOXING = NO;
				GCC_C_LANGUAGE_STANDARD = gnu11;
				GCC_DYNAMIC_NO_PIC = NO;
				GCC_NO_COMMON_BLOCKS = YES;
				GCC_OPTIMIZATION_LEVEL = 0;
				GCC_PREPROCESSOR_DEFINITIONS = (
					"$(inherited)",
					"DEBUG=1",
				);
				GCC_WARN_64_TO_32_BIT_CONVERSION = YES;
				GCC_WARN_ABOUT_RETURN_TYPE = YES_ERROR;
				GCC_WARN_UNDECLARED_SELECTOR = YES;
				GCC_WARN_UNINITIALIZED_AUTOS = YES_AGGRESSIVE;
				GCC_WARN_UNUSED_FUNCTION = YES;
				GCC_WARN_UNUSED_VARIABLE = YES;
				IPHONEOS_DEPLOYMENT_TARGET = 17.0;
				MTL_ENABLE_DEBUG_INFO = INCLUDE_SOURCE;
				MTL_FAST_MATH = YES;
				ONLY_ACTIVE_ARCH = YES;
				PRODUCT_NAME = "$(TARGET_NAME)";
				SDKROOT = iphoneos;
				SWIFT_ACTIVE_COMPILATION_CONDITIONS = DEBUG;
				SWIFT_OPTIMIZATION_LEVEL = "-Onone";
				SWIFT_VERSION = 6.0;
			};
			name = Debug;
		};
		FAD3A3F8AF8CCFF1111229C5 /* Debug */ = {
			isa = XCBuildConfiguration;
			buildSettings = {
				ASSETCATALOG_COMPILER_APPICON_NAME = AppIcon;
				CODE_SIGN_IDENTITY = "iPhone Developer";
				CODE_SIGN_STYLE = Automatic;
				CURRENT_PROJECT_VERSION = 1;
				DEVELOPMENT_TEAM = "";
				INFOPLIST_FILE = Pathfinding/Info.plist;
				LD_RUNPATH_SEARCH_PATHS = (
					"$(inherited)",
					"@executable_path/Frameworks",
				);
				MARKETING_VERSION = 1.0.0;
				PRODUCT_BUNDLE_IDENTIFIER = org.pathfinding.app;
				SDKROOT = iphoneos;
				TARGETED_DEVICE_FAMILY = "1,2";
			};
			name = Debug;
		};
/* End XCBuildConfiguration section */

/* Begin XCConfigurationList section */
		86142D8525665EE72BC83369 /* Build configuration list for PBXProject "Pathfinding" */ = {
			isa = XCConfigurationList;
			buildConfigurations = (
				C11A4750B2F1828AE35573F0 /* Debug */,
				87C7493702937B860262AC74 /* Release */,
			);
			defaultConfigurationIsVisible = 0;
			defaultConfigurationName = Debug;
		};
		A6604F211371FBC42FD08B43 /* Build configuration list for PBXNativeTarget "Pathfinding" */ = {
			isa = XCConfigurationList;
			buildConfigurations = (
				FAD3A3F8AF8CCFF1111229C5 /* Debug */,
				A5A2FCB28F8484A486CD9754 /* Release */,
			);
			defaultConfigurationIsVisible = 0;
			defaultConfigurationName = Debug;
		};
/* End XCConfigurationList section */
	};
	rootObject = AF87F1ACA3F795ED61537E7A /* Project object */;
}
